// !$*UTF8*$!
{
	archiveVersion = 1;
	classes = {
	};
	objectVersion = 46;
	objects = {

/* Begin PBXBuildFile section */
		4B1527A213E29E72006E9737 /* WAArticlesViewController_iPhone.m in Sources */ = {isa = PBXBuildFile; fileRef = 4B1527A113E29E72006E9737 /* WAArticlesViewController_iPhone.m */; };
		FAE26ECB13E1435D00CB1E3A /* Icon.png in Resources */ = {isa = PBXBuildFile; fileRef = FAE26ECA13E1435D00CB1E3A /* Icon.png */; };
		FF03F5CF13D81B76007E168F /* WAModel.xcdatamodeld in Sources */ = {isa = PBXBuildFile; fileRef = FF03F5CD13D81B76007E168F /* WAModel.xcdatamodeld */; };
		FF21C8D313E14CF9009B980D /* IPSample in Resources */ = {isa = PBXBuildFile; fileRef = FF21C8D213E14CF9009B980D /* IPSample */; };
		FF269E5A13D84A420085E20A /* WAPaginationSlider.m in Sources */ = {isa = PBXBuildFile; fileRef = FF269E5913D84A420085E20A /* WAPaginationSlider.m */; };
		FF3ACA9013E6ACFB000F608C /* WAView.m in Sources */ = {isa = PBXBuildFile; fileRef = FF3ACA8F13E6ACFB000F608C /* WAView.m */; };
		FF4FA00A13E114F3002C627F /* WAArticleViewController.m in Sources */ = {isa = PBXBuildFile; fileRef = FF4FA00913E114F3002C627F /* WAArticleViewController.m */; };
		FF4FA01213E13249002C627F /* WAArticleViewController.xib in Resources */ = {isa = PBXBuildFile; fileRef = FF4FA01113E13249002C627F /* WAArticleViewController.xib */; };
		FF4FA01613E136A0002C627F /* WACapsuleLeft.png in Resources */ = {isa = PBXBuildFile; fileRef = FF4FA01313E136A0002C627F /* WACapsuleLeft.png */; };
		FF4FA01713E136A0002C627F /* WACapsuleRight.png in Resources */ = {isa = PBXBuildFile; fileRef = FF4FA01413E136A0002C627F /* WACapsuleRight.png */; };
		FF4FA01813E136A1002C627F /* WACapsuleSingle.png in Resources */ = {isa = PBXBuildFile; fileRef = FF4FA01513E136A0002C627F /* WACapsuleSingle.png */; };
		FF4FA01B13E13D44002C627F /* WAImageStackView.m in Sources */ = {isa = PBXBuildFile; fileRef = FF4FA01A13E13D44002C627F /* WAImageStackView.m */; };
		FF73A54313D6C2CC00D54EC6 /* UIKit.framework in Frameworks */ = {isa = PBXBuildFile; fileRef = FF73A54213D6C2CC00D54EC6 /* UIKit.framework */; };
		FF73A54513D6C2CC00D54EC6 /* Foundation.framework in Frameworks */ = {isa = PBXBuildFile; fileRef = FF73A54413D6C2CC00D54EC6 /* Foundation.framework */; };
		FF73A54713D6C2CC00D54EC6 /* CoreGraphics.framework in Frameworks */ = {isa = PBXBuildFile; fileRef = FF73A54613D6C2CC00D54EC6 /* CoreGraphics.framework */; };
		FF73A54D13D6C2CD00D54EC6 /* InfoPlist.strings in Resources */ = {isa = PBXBuildFile; fileRef = FF73A54B13D6C2CD00D54EC6 /* InfoPlist.strings */; };
		FF73A54F13D6C2CD00D54EC6 /* main.m in Sources */ = {isa = PBXBuildFile; fileRef = FF73A54E13D6C2CD00D54EC6 /* main.m */; };
		FF73A55313D6C2CD00D54EC6 /* WAAppDelegate.m in Sources */ = {isa = PBXBuildFile; fileRef = FF73A55213D6C2CD00D54EC6 /* WAAppDelegate.m */; };
		FF73A56C13D6CD2200D54EC6 /* WAArticlesViewController.m in Sources */ = {isa = PBXBuildFile; fileRef = FF73A56B13D6CD2200D54EC6 /* WAArticlesViewController.m */; };
		FF73A56F13D6CD4100D54EC6 /* WACompositionViewController.m in Sources */ = {isa = PBXBuildFile; fileRef = FF73A56E13D6CD4100D54EC6 /* WACompositionViewController.m */; };
		FF73A5C013D6DCA400D54EC6 /* MGSplitCornersView.m in Sources */ = {isa = PBXBuildFile; fileRef = FF73A5BB13D6DCA400D54EC6 /* MGSplitCornersView.m */; };
		FF73A5C113D6DCA400D54EC6 /* MGSplitDividerView.m in Sources */ = {isa = PBXBuildFile; fileRef = FF73A5BD13D6DCA400D54EC6 /* MGSplitDividerView.m */; };
		FF73A5C213D6DCA400D54EC6 /* MGSplitViewController.m in Sources */ = {isa = PBXBuildFile; fileRef = FF73A5BF13D6DCA400D54EC6 /* MGSplitViewController.m */; };
		FF73A5FD13D6DDF300D54EC6 /* libAQGridView.a in Frameworks */ = {isa = PBXBuildFile; fileRef = FF73A5DE13D6DD5000D54EC6 /* libAQGridView.a */; };
		FF73A5FE13D6DDF300D54EC6 /* libIRFoundationsTouch.a in Frameworks */ = {isa = PBXBuildFile; fileRef = FF73A59D13D6DC6500D54EC6 /* libIRFoundationsTouch.a */; };
		FF73A5FF13D6DDF300D54EC6 /* libIRWebAPIKit.a in Frameworks */ = {isa = PBXBuildFile; fileRef = FF73A5A713D6DC6A00D54EC6 /* libIRWebAPIKit.a */; };
		FF73A60113D6DDF800D54EC6 /* libxml2.2.7.3.dylib in Frameworks */ = {isa = PBXBuildFile; fileRef = FF73A60013D6DDF800D54EC6 /* libxml2.2.7.3.dylib */; };
		FF73A69613D6E07D00D54EC6 /* MobileCoreServices.framework in Frameworks */ = {isa = PBXBuildFile; fileRef = FF73A69513D6E07D00D54EC6 /* MobileCoreServices.framework */; };
		FF73A69813D6E08100D54EC6 /* CoreData.framework in Frameworks */ = {isa = PBXBuildFile; fileRef = FF73A69713D6E08100D54EC6 /* CoreData.framework */; };
		FF73A69A13D6E08800D54EC6 /* QuartzCore.framework in Frameworks */ = {isa = PBXBuildFile; fileRef = FF73A69913D6E08800D54EC6 /* QuartzCore.framework */; };
		FF97382513D821DF003D1722 /* WADataStore.m in Sources */ = {isa = PBXBuildFile; fileRef = FF97382413D821DF003D1722 /* WADataStore.m */; };
		FF97384913D8278E003D1722 /* WARemoteInterface.m in Sources */ = {isa = PBXBuildFile; fileRef = FF97384813D8278E003D1722 /* WARemoteInterface.m */; };
		FF97386113D82B4F003D1722 /* JSONKit.m in Sources */ = {isa = PBXBuildFile; fileRef = FF97386013D82B4F003D1722 /* JSONKit.m */; };
		FF9DA0BE13DFF6BC00D6B28B /* WAMockArticlesList.json in Resources */ = {isa = PBXBuildFile; fileRef = FF9DA0BD13DFF6BC00D6B28B /* WAMockArticlesList.json */; };
		FF9DA0C113DFF88F00D6B28B /* WAUser.m in Sources */ = {isa = PBXBuildFile; fileRef = FF9DA0C013DFF88F00D6B28B /* WAUser.m */; };
		FF9DA0C413DFF89000D6B28B /* WAArticle.m in Sources */ = {isa = PBXBuildFile; fileRef = FF9DA0C313DFF89000D6B28B /* WAArticle.m */; };
		FF9DA0C713DFF89000D6B28B /* WAComment.m in Sources */ = {isa = PBXBuildFile; fileRef = FF9DA0C613DFF89000D6B28B /* WAComment.m */; };
		FF9DA0CA13DFF89000D6B28B /* WAFile.m in Sources */ = {isa = PBXBuildFile; fileRef = FF9DA0C913DFF89000D6B28B /* WAFile.m */; };
		FFC2E04E13DD708300816EA1 /* Icon-72.png in Resources */ = {isa = PBXBuildFile; fileRef = FFC2E04D13DD708300816EA1 /* Icon-72.png */; };
/* End PBXBuildFile section */

/* Begin PBXContainerItemProxy section */
		FF73A59C13D6DC6500D54EC6 /* PBXContainerItemProxy */ = {
			isa = PBXContainerItemProxy;
			containerPortal = FF73A59513D6DC6500D54EC6 /* IRFoundations.xcodeproj */;
			proxyType = 2;
			remoteGlobalIDString = FF0A8BA91337AFB700DDA47C;
			remoteInfo = IRFoundationsTouch;
		};
		FF73A5A613D6DC6A00D54EC6 /* PBXContainerItemProxy */ = {
			isa = PBXContainerItemProxy;
			containerPortal = FF73A59E13D6DC6A00D54EC6 /* IRWebAPIKit.xcodeproj */;
			proxyType = 2;
			remoteGlobalIDString = FF7408241296A8D200571D46;
			remoteInfo = IRWebAPIKit;
		};
		FF73A5A813D6DC6A00D54EC6 /* PBXContainerItemProxy */ = {
			isa = PBXContainerItemProxy;
			containerPortal = FF73A59E13D6DC6A00D54EC6 /* IRWebAPIKit.xcodeproj */;
			proxyType = 2;
			remoteGlobalIDString = FF45627812D05708000239DC;
			remoteInfo = IRWebAPIKitTest;
		};
		FF73A5DD13D6DD5000D54EC6 /* PBXContainerItemProxy */ = {
			isa = PBXContainerItemProxy;
			containerPortal = FF73A5B413D6DC8000D54EC6 /* AQGridView.xcodeproj */;
			proxyType = 2;
			remoteGlobalIDString = D2AAC07E0554694100DB518D;
			remoteInfo = AQGridView;
		};
		FF73A5F713D6DDE800D54EC6 /* PBXContainerItemProxy */ = {
			isa = PBXContainerItemProxy;
			containerPortal = FF73A59513D6DC6500D54EC6 /* IRFoundations.xcodeproj */;
			proxyType = 1;
			remoteGlobalIDString = FF0A8BA81337AFB700DDA47C;
			remoteInfo = IRFoundationsTouch;
		};
		FF73A5F913D6DDE800D54EC6 /* PBXContainerItemProxy */ = {
			isa = PBXContainerItemProxy;
			containerPortal = FF73A59E13D6DC6A00D54EC6 /* IRWebAPIKit.xcodeproj */;
			proxyType = 1;
			remoteGlobalIDString = FF7408231296A8D200571D46;
			remoteInfo = IRWebAPIKit;
		};
		FF73A5FB13D6DDE800D54EC6 /* PBXContainerItemProxy */ = {
			isa = PBXContainerItemProxy;
			containerPortal = FF73A5B413D6DC8000D54EC6 /* AQGridView.xcodeproj */;
			proxyType = 1;
			remoteGlobalIDString = D2AAC07D0554694100DB518D;
			remoteInfo = AQGridView;
		};
/* End PBXContainerItemProxy section */

/* Begin PBXFileReference section */
		4B1527A013E29E72006E9737 /* WAArticlesViewController_iPhone.h */ = {isa = PBXFileReference; fileEncoding = 4; lastKnownFileType = sourcecode.c.h; name = WAArticlesViewController_iPhone.h; path = "wammer-iOS/WAArticlesViewController_iPhone.h"; sourceTree = "<group>"; };
		4B1527A113E29E72006E9737 /* WAArticlesViewController_iPhone.m */ = {isa = PBXFileReference; fileEncoding = 4; lastKnownFileType = sourcecode.c.objc; name = WAArticlesViewController_iPhone.m; path = "wammer-iOS/WAArticlesViewController_iPhone.m"; sourceTree = "<group>"; };
		FAE26ECA13E1435D00CB1E3A /* Icon.png */ = {isa = PBXFileReference; lastKnownFileType = image.png; name = Icon.png; path = Resources/Icon.png; sourceTree = "<group>"; };
		FF03F5CE13D81B76007E168F /* WAModel.xcdatamodel */ = {isa = PBXFileReference; lastKnownFileType = wrapper.xcdatamodel; path = WAModel.xcdatamodel; sourceTree = "<group>"; };
		FF21C8D113E14B4E009B980D /* MobileCoreServices.framework */ = {isa = PBXFileReference; lastKnownFileType = wrapper.framework; name = MobileCoreServices.framework; path = System/Library/Frameworks/MobileCoreServices.framework; sourceTree = SDKROOT; };
		FF21C8D213E14CF9009B980D /* IPSample */ = {isa = PBXFileReference; lastKnownFileType = folder; name = IPSample; path = Resources/IPSample; sourceTree = "<group>"; };
		FF269E5813D84A420085E20A /* WAPaginationSlider.h */ = {isa = PBXFileReference; fileEncoding = 4; lastKnownFileType = sourcecode.c.h; path = WAPaginationSlider.h; sourceTree = "<group>"; };
		FF269E5913D84A420085E20A /* WAPaginationSlider.m */ = {isa = PBXFileReference; fileEncoding = 4; lastKnownFileType = sourcecode.c.objc; path = WAPaginationSlider.m; sourceTree = "<group>"; };
		FF3ACA8E13E6ACFB000F608C /* WAView.h */ = {isa = PBXFileReference; fileEncoding = 4; lastKnownFileType = sourcecode.c.h; path = WAView.h; sourceTree = "<group>"; };
		FF3ACA8F13E6ACFB000F608C /* WAView.m */ = {isa = PBXFileReference; fileEncoding = 4; lastKnownFileType = sourcecode.c.objc; path = WAView.m; sourceTree = "<group>"; };
		FF4FA00813E114F3002C627F /* WAArticleViewController.h */ = {isa = PBXFileReference; fileEncoding = 4; lastKnownFileType = sourcecode.c.h; path = WAArticleViewController.h; sourceTree = "<group>"; };
		FF4FA00913E114F3002C627F /* WAArticleViewController.m */ = {isa = PBXFileReference; fileEncoding = 4; lastKnownFileType = sourcecode.c.objc; path = WAArticleViewController.m; sourceTree = "<group>"; };
		FF4FA01113E13249002C627F /* WAArticleViewController.xib */ = {isa = PBXFileReference; fileEncoding = 4; lastKnownFileType = file.xib; name = WAArticleViewController.xib; path = Resources/WAArticleViewController.xib; sourceTree = "<group>"; };
		FF4FA01313E136A0002C627F /* WACapsuleLeft.png */ = {isa = PBXFileReference; lastKnownFileType = image.png; name = WACapsuleLeft.png; path = Resources/WACapsuleLeft.png; sourceTree = "<group>"; };
		FF4FA01413E136A0002C627F /* WACapsuleRight.png */ = {isa = PBXFileReference; lastKnownFileType = image.png; name = WACapsuleRight.png; path = Resources/WACapsuleRight.png; sourceTree = "<group>"; };
		FF4FA01513E136A0002C627F /* WACapsuleSingle.png */ = {isa = PBXFileReference; lastKnownFileType = image.png; name = WACapsuleSingle.png; path = Resources/WACapsuleSingle.png; sourceTree = "<group>"; };
		FF4FA01913E13D43002C627F /* WAImageStackView.h */ = {isa = PBXFileReference; fileEncoding = 4; lastKnownFileType = sourcecode.c.h; path = WAImageStackView.h; sourceTree = "<group>"; };
		FF4FA01A13E13D44002C627F /* WAImageStackView.m */ = {isa = PBXFileReference; fileEncoding = 4; lastKnownFileType = sourcecode.c.objc; path = WAImageStackView.m; sourceTree = "<group>"; };
		FF73A53E13D6C2CC00D54EC6 /* wammer.app */ = {isa = PBXFileReference; explicitFileType = wrapper.application; includeInIndex = 0; path = wammer.app; sourceTree = BUILT_PRODUCTS_DIR; };
		FF73A54213D6C2CC00D54EC6 /* UIKit.framework */ = {isa = PBXFileReference; lastKnownFileType = wrapper.framework; name = UIKit.framework; path = System/Library/Frameworks/UIKit.framework; sourceTree = SDKROOT; };
		FF73A54413D6C2CC00D54EC6 /* Foundation.framework */ = {isa = PBXFileReference; lastKnownFileType = wrapper.framework; name = Foundation.framework; path = System/Library/Frameworks/Foundation.framework; sourceTree = SDKROOT; };
		FF73A54613D6C2CC00D54EC6 /* CoreGraphics.framework */ = {isa = PBXFileReference; lastKnownFileType = wrapper.framework; name = CoreGraphics.framework; path = System/Library/Frameworks/CoreGraphics.framework; sourceTree = SDKROOT; };
		FF73A54A13D6C2CD00D54EC6 /* wammer-iOS-Info.plist */ = {isa = PBXFileReference; lastKnownFileType = text.plist.xml; path = "wammer-iOS-Info.plist"; sourceTree = "<group>"; };
		FF73A54C13D6C2CD00D54EC6 /* en */ = {isa = PBXFileReference; lastKnownFileType = text.plist.strings; name = en; path = en.lproj/InfoPlist.strings; sourceTree = "<group>"; };
		FF73A54E13D6C2CD00D54EC6 /* main.m */ = {isa = PBXFileReference; lastKnownFileType = sourcecode.c.objc; path = main.m; sourceTree = "<group>"; };
		FF73A55013D6C2CD00D54EC6 /* wammer-iOS-Prefix.pch */ = {isa = PBXFileReference; lastKnownFileType = sourcecode.c.h; path = "wammer-iOS-Prefix.pch"; sourceTree = "<group>"; };
		FF73A55113D6C2CD00D54EC6 /* WAAppDelegate.h */ = {isa = PBXFileReference; lastKnownFileType = sourcecode.c.h; path = WAAppDelegate.h; sourceTree = "<group>"; };
		FF73A55213D6C2CD00D54EC6 /* WAAppDelegate.m */ = {isa = PBXFileReference; lastKnownFileType = sourcecode.c.objc; path = WAAppDelegate.m; sourceTree = "<group>"; };
		FF73A56A13D6CD2200D54EC6 /* WAArticlesViewController.h */ = {isa = PBXFileReference; fileEncoding = 4; lastKnownFileType = sourcecode.c.h; path = WAArticlesViewController.h; sourceTree = "<group>"; };
		FF73A56B13D6CD2200D54EC6 /* WAArticlesViewController.m */ = {isa = PBXFileReference; fileEncoding = 4; lastKnownFileType = sourcecode.c.objc; path = WAArticlesViewController.m; sourceTree = "<group>"; };
		FF73A56D13D6CD4100D54EC6 /* WACompositionViewController.h */ = {isa = PBXFileReference; fileEncoding = 4; lastKnownFileType = sourcecode.c.h; path = WACompositionViewController.h; sourceTree = "<group>"; };
		FF73A56E13D6CD4100D54EC6 /* WACompositionViewController.m */ = {isa = PBXFileReference; fileEncoding = 4; lastKnownFileType = sourcecode.c.objc; path = WACompositionViewController.m; sourceTree = "<group>"; };
		FF73A59513D6DC6500D54EC6 /* IRFoundations.xcodeproj */ = {isa = PBXFileReference; lastKnownFileType = "wrapper.pb-project"; name = IRFoundations.xcodeproj; path = external/IRFoundations/IRFoundations/IRFoundations.xcodeproj; sourceTree = "<group>"; };
		FF73A59E13D6DC6A00D54EC6 /* IRWebAPIKit.xcodeproj */ = {isa = PBXFileReference; lastKnownFileType = "wrapper.pb-project"; name = IRWebAPIKit.xcodeproj; path = external/IRWebAPIKit/IRWebAPIKit.xcodeproj; sourceTree = "<group>"; };
		FF73A5B413D6DC8000D54EC6 /* AQGridView.xcodeproj */ = {isa = PBXFileReference; lastKnownFileType = "wrapper.pb-project"; name = AQGridView.xcodeproj; path = external/AQGridView/AQGridView.xcodeproj; sourceTree = "<group>"; };
		FF73A5BA13D6DCA400D54EC6 /* MGSplitCornersView.h */ = {isa = PBXFileReference; fileEncoding = 4; lastKnownFileType = sourcecode.c.h; name = MGSplitCornersView.h; path = external/MGSplitViewController/Classes/MGSplitCornersView.h; sourceTree = "<group>"; };
		FF73A5BB13D6DCA400D54EC6 /* MGSplitCornersView.m */ = {isa = PBXFileReference; fileEncoding = 4; lastKnownFileType = sourcecode.c.objc; name = MGSplitCornersView.m; path = external/MGSplitViewController/Classes/MGSplitCornersView.m; sourceTree = "<group>"; };
		FF73A5BC13D6DCA400D54EC6 /* MGSplitDividerView.h */ = {isa = PBXFileReference; fileEncoding = 4; lastKnownFileType = sourcecode.c.h; name = MGSplitDividerView.h; path = external/MGSplitViewController/Classes/MGSplitDividerView.h; sourceTree = "<group>"; };
		FF73A5BD13D6DCA400D54EC6 /* MGSplitDividerView.m */ = {isa = PBXFileReference; fileEncoding = 4; lastKnownFileType = sourcecode.c.objc; name = MGSplitDividerView.m; path = external/MGSplitViewController/Classes/MGSplitDividerView.m; sourceTree = "<group>"; };
		FF73A5BE13D6DCA400D54EC6 /* MGSplitViewController.h */ = {isa = PBXFileReference; fileEncoding = 4; lastKnownFileType = sourcecode.c.h; name = MGSplitViewController.h; path = external/MGSplitViewController/Classes/MGSplitViewController.h; sourceTree = "<group>"; };
		FF73A5BF13D6DCA400D54EC6 /* MGSplitViewController.m */ = {isa = PBXFileReference; fileEncoding = 4; lastKnownFileType = sourcecode.c.objc; name = MGSplitViewController.m; path = external/MGSplitViewController/Classes/MGSplitViewController.m; sourceTree = "<group>"; };
		FF73A60013D6DDF800D54EC6 /* libxml2.2.7.3.dylib */ = {isa = PBXFileReference; lastKnownFileType = "compiled.mach-o.dylib"; name = libxml2.2.7.3.dylib; path = usr/lib/libxml2.2.7.3.dylib; sourceTree = SDKROOT; };
		FF73A69513D6E07D00D54EC6 /* MobileCoreServices.framework */ = {isa = PBXFileReference; lastKnownFileType = wrapper.framework; name = MobileCoreServices.framework; path = System/Library/Frameworks/MobileCoreServices.framework; sourceTree = SDKROOT; };
		FF73A69713D6E08100D54EC6 /* CoreData.framework */ = {isa = PBXFileReference; lastKnownFileType = wrapper.framework; name = CoreData.framework; path = System/Library/Frameworks/CoreData.framework; sourceTree = SDKROOT; };
		FF73A69913D6E08800D54EC6 /* QuartzCore.framework */ = {isa = PBXFileReference; lastKnownFileType = wrapper.framework; name = QuartzCore.framework; path = System/Library/Frameworks/QuartzCore.framework; sourceTree = SDKROOT; };
		FF97382313D821DF003D1722 /* WADataStore.h */ = {isa = PBXFileReference; fileEncoding = 4; lastKnownFileType = sourcecode.c.h; path = WADataStore.h; sourceTree = "<group>"; };
		FF97382413D821DF003D1722 /* WADataStore.m */ = {isa = PBXFileReference; fileEncoding = 4; lastKnownFileType = sourcecode.c.objc; path = WADataStore.m; sourceTree = "<group>"; };
		FF97384713D8278E003D1722 /* WARemoteInterface.h */ = {isa = PBXFileReference; fileEncoding = 4; lastKnownFileType = sourcecode.c.h; path = WARemoteInterface.h; sourceTree = "<group>"; };
		FF97384813D8278E003D1722 /* WARemoteInterface.m */ = {isa = PBXFileReference; fileEncoding = 4; lastKnownFileType = sourcecode.c.objc; path = WARemoteInterface.m; sourceTree = "<group>"; };
		FF97385F13D82B4F003D1722 /* JSONKit.h */ = {isa = PBXFileReference; fileEncoding = 4; lastKnownFileType = sourcecode.c.h; name = JSONKit.h; path = external/JSONKit/JSONKit.h; sourceTree = "<group>"; };
		FF97386013D82B4F003D1722 /* JSONKit.m */ = {isa = PBXFileReference; fileEncoding = 4; lastKnownFileType = sourcecode.c.objc; name = JSONKit.m; path = external/JSONKit/JSONKit.m; sourceTree = "<group>"; };
		FF9DA0BD13DFF6BC00D6B28B /* WAMockArticlesList.json */ = {isa = PBXFileReference; fileEncoding = 4; lastKnownFileType = text.json; name = WAMockArticlesList.json; path = Resources/WAMockArticlesList.json; sourceTree = "<group>"; };
		FF9DA0BF13DFF88F00D6B28B /* WAUser.h */ = {isa = PBXFileReference; fileEncoding = 4; lastKnownFileType = sourcecode.c.h; path = WAUser.h; sourceTree = "<group>"; };
		FF9DA0C013DFF88F00D6B28B /* WAUser.m */ = {isa = PBXFileReference; fileEncoding = 4; lastKnownFileType = sourcecode.c.objc; path = WAUser.m; sourceTree = "<group>"; };
		FF9DA0C213DFF89000D6B28B /* WAArticle.h */ = {isa = PBXFileReference; fileEncoding = 4; lastKnownFileType = sourcecode.c.h; path = WAArticle.h; sourceTree = "<group>"; };
		FF9DA0C313DFF89000D6B28B /* WAArticle.m */ = {isa = PBXFileReference; fileEncoding = 4; lastKnownFileType = sourcecode.c.objc; path = WAArticle.m; sourceTree = "<group>"; };
		FF9DA0C513DFF89000D6B28B /* WAComment.h */ = {isa = PBXFileReference; fileEncoding = 4; lastKnownFileType = sourcecode.c.h; path = WAComment.h; sourceTree = "<group>"; };
		FF9DA0C613DFF89000D6B28B /* WAComment.m */ = {isa = PBXFileReference; fileEncoding = 4; lastKnownFileType = sourcecode.c.objc; path = WAComment.m; sourceTree = "<group>"; };
		FF9DA0C813DFF89000D6B28B /* WAFile.h */ = {isa = PBXFileReference; fileEncoding = 4; lastKnownFileType = sourcecode.c.h; path = WAFile.h; sourceTree = "<group>"; };
		FF9DA0C913DFF89000D6B28B /* WAFile.m */ = {isa = PBXFileReference; fileEncoding = 4; lastKnownFileType = sourcecode.c.objc; path = WAFile.m; sourceTree = "<group>"; };
		FFC2E04D13DD708300816EA1 /* Icon-72.png */ = {isa = PBXFileReference; lastKnownFileType = image.png; name = "Icon-72.png"; path = "Resources/Icon-72.png"; sourceTree = "<group>"; };
/* End PBXFileReference section */

/* Begin PBXFrameworksBuildPhase section */
		FF73A53B13D6C2CC00D54EC6 /* Frameworks */ = {
			isa = PBXFrameworksBuildPhase;
			buildActionMask = 2147483647;
			files = (
				FF73A69613D6E07D00D54EC6 /* MobileCoreServices.framework in Frameworks */,
				FF73A54513D6C2CC00D54EC6 /* Foundation.framework in Frameworks */,
				FF73A54313D6C2CC00D54EC6 /* UIKit.framework in Frameworks */,
				FF73A54713D6C2CC00D54EC6 /* CoreGraphics.framework in Frameworks */,
				FF73A69A13D6E08800D54EC6 /* QuartzCore.framework in Frameworks */,
				FF73A69813D6E08100D54EC6 /* CoreData.framework in Frameworks */,
				FF73A5FD13D6DDF300D54EC6 /* libAQGridView.a in Frameworks */,
				FF73A5FE13D6DDF300D54EC6 /* libIRFoundationsTouch.a in Frameworks */,
				FF73A5FF13D6DDF300D54EC6 /* libIRWebAPIKit.a in Frameworks */,
				FF73A60113D6DDF800D54EC6 /* libxml2.2.7.3.dylib in Frameworks */,
			);
			runOnlyForDeploymentPostprocessing = 0;
		};
/* End PBXFrameworksBuildPhase section */

/* Begin PBXGroup section */
		4B1527A313E29E8D006E9737 /* iPhone */ = {
			isa = PBXGroup;
			children = (
				4B1527A013E29E72006E9737 /* WAArticlesViewController_iPhone.h */,
				4B1527A113E29E72006E9737 /* WAArticlesViewController_iPhone.m */,
			);
			name = iPhone;
			sourceTree = "<group>";
		};
		4B1527A413E29F38006E9737 /* Classes */ = {
			isa = PBXGroup;
			children = (
				FF73A54813D6C2CC00D54EC6 /* iPad */,
				4B1527A313E29E8D006E9737 /* iPhone */,
				FF3ACA9113E6AD1C000F608C /* Views */,
				FF97382213D821C1003D1722 /* Model */,
				FF97384613D82771003D1722 /* API */,
			);
			name = Classes;
			sourceTree = "<group>";
		};
		FF3ACA9113E6AD1C000F608C /* Views */ = {
			isa = PBXGroup;
			children = (
				FF4FA01913E13D43002C627F /* WAImageStackView.h */,
				FF4FA01A13E13D44002C627F /* WAImageStackView.m */,
				FF3ACA8E13E6ACFB000F608C /* WAView.h */,
				FF3ACA8F13E6ACFB000F608C /* WAView.m */,
				FF269E5813D84A420085E20A /* WAPaginationSlider.h */,
				FF269E5913D84A420085E20A /* WAPaginationSlider.m */,
			);
			name = Views;
			path = "wammer-iOS";
			sourceTree = "<group>";
		};
		FF73A53313D6C2CC00D54EC6 = {
			isa = PBXGroup;
			children = (
				4B1527A413E29F38006E9737 /* Classes */,
				FF73A54913D6C2CD00D54EC6 /* Supporting Files */,
				FFC2E04C13DD706600816EA1 /* Resources */,
				FF73A54113D6C2CC00D54EC6 /* Frameworks */,
				FF73A53F13D6C2CC00D54EC6 /* Products */,
			);
			sourceTree = "<group>";
		};
		FF73A53F13D6C2CC00D54EC6 /* Products */ = {
			isa = PBXGroup;
			children = (
				FF73A53E13D6C2CC00D54EC6 /* wammer.app */,
			);
			name = Products;
			sourceTree = "<group>";
		};
		FF73A54113D6C2CC00D54EC6 /* Frameworks */ = {
			isa = PBXGroup;
			children = (
				FF21C8D113E14B4E009B980D /* MobileCoreServices.framework */,
				FF73A54213D6C2CC00D54EC6 /* UIKit.framework */,
				FF73A54413D6C2CC00D54EC6 /* Foundation.framework */,
				FF73A54613D6C2CC00D54EC6 /* CoreGraphics.framework */,
				FF73A69913D6E08800D54EC6 /* QuartzCore.framework */,
				FF73A69713D6E08100D54EC6 /* CoreData.framework */,
				FF73A69513D6E07D00D54EC6 /* MobileCoreServices.framework */,
				FF73A60013D6DDF800D54EC6 /* libxml2.2.7.3.dylib */,
				FF73A5C313D6DCAA00D54EC6 /* MGSplitViewController */,
				FF97386213D82B55003D1722 /* JSONKit */,
				FF73A59513D6DC6500D54EC6 /* IRFoundations.xcodeproj */,
				FF73A59E13D6DC6A00D54EC6 /* IRWebAPIKit.xcodeproj */,
				FF73A5B413D6DC8000D54EC6 /* AQGridView.xcodeproj */,
			);
			name = Frameworks;
			sourceTree = "<group>";
		};
		FF73A54813D6C2CC00D54EC6 /* iPad */ = {
			isa = PBXGroup;
			children = (
				FF73A55113D6C2CD00D54EC6 /* WAAppDelegate.h */,
				FF73A55213D6C2CD00D54EC6 /* WAAppDelegate.m */,
				FF73A56A13D6CD2200D54EC6 /* WAArticlesViewController.h */,
				FF73A56B13D6CD2200D54EC6 /* WAArticlesViewController.m */,
				FF4FA00813E114F3002C627F /* WAArticleViewController.h */,
				FF4FA00913E114F3002C627F /* WAArticleViewController.m */,
				FF4FA01113E13249002C627F /* WAArticleViewController.xib */,
				FF73A56D13D6CD4100D54EC6 /* WACompositionViewController.h */,
				FF73A56E13D6CD4100D54EC6 /* WACompositionViewController.m */,
			);
			name = iPad;
			path = "wammer-iOS";
			sourceTree = "<group>";
		};
		FF73A54913D6C2CD00D54EC6 /* Supporting Files */ = {
			isa = PBXGroup;
			children = (
				FF73A54A13D6C2CD00D54EC6 /* wammer-iOS-Info.plist */,
				FF73A54B13D6C2CD00D54EC6 /* InfoPlist.strings */,
				FF73A54E13D6C2CD00D54EC6 /* main.m */,
				FF73A55013D6C2CD00D54EC6 /* wammer-iOS-Prefix.pch */,
			);
			name = "Supporting Files";
			path = "wammer-iOS";
			sourceTree = "<group>";
		};
		FF73A59613D6DC6500D54EC6 /* Products */ = {
			isa = PBXGroup;
			children = (
				FF73A59D13D6DC6500D54EC6 /* libIRFoundationsTouch.a */,
			);
			name = Products;
			sourceTree = "<group>";
		};
		FF73A59F13D6DC6A00D54EC6 /* Products */ = {
			isa = PBXGroup;
			children = (
				FF73A5A713D6DC6A00D54EC6 /* libIRWebAPIKit.a */,
				FF73A5A913D6DC6A00D54EC6 /* IRWebAPIKitTest.octest */,
			);
			name = Products;
			sourceTree = "<group>";
		};
		FF73A5C313D6DCAA00D54EC6 /* MGSplitViewController */ = {
			isa = PBXGroup;
			children = (
				FF73A5BA13D6DCA400D54EC6 /* MGSplitCornersView.h */,
				FF73A5BB13D6DCA400D54EC6 /* MGSplitCornersView.m */,
				FF73A5BC13D6DCA400D54EC6 /* MGSplitDividerView.h */,
				FF73A5BD13D6DCA400D54EC6 /* MGSplitDividerView.m */,
				FF73A5BE13D6DCA400D54EC6 /* MGSplitViewController.h */,
				FF73A5BF13D6DCA400D54EC6 /* MGSplitViewController.m */,
			);
			name = MGSplitViewController;
			sourceTree = "<group>";
		};
		FF73A5DA13D6DD5000D54EC6 /* Products */ = {
			isa = PBXGroup;
			children = (
				FF73A5DE13D6DD5000D54EC6 /* libAQGridView.a */,
			);
			name = Products;
			sourceTree = "<group>";
		};
		FF97382213D821C1003D1722 /* Model */ = {
			isa = PBXGroup;
			children = (
				FF03F5CD13D81B76007E168F /* WAModel.xcdatamodeld */,
				FF9DA0C813DFF89000D6B28B /* WAFile.h */,
				FF9DA0C913DFF89000D6B28B /* WAFile.m */,
				FF9DA0C513DFF89000D6B28B /* WAComment.h */,
				FF9DA0C613DFF89000D6B28B /* WAComment.m */,
				FF9DA0C213DFF89000D6B28B /* WAArticle.h */,
				FF9DA0C313DFF89000D6B28B /* WAArticle.m */,
				FF9DA0BF13DFF88F00D6B28B /* WAUser.h */,
				FF9DA0C013DFF88F00D6B28B /* WAUser.m */,
				FF97382313D821DF003D1722 /* WADataStore.h */,
				FF97382413D821DF003D1722 /* WADataStore.m */,
			);
			name = Model;
			path = "wammer-iOS";
			sourceTree = "<group>";
		};
		FF97384613D82771003D1722 /* API */ = {
			isa = PBXGroup;
			children = (
				FF97384713D8278E003D1722 /* WARemoteInterface.h */,
				FF97384813D8278E003D1722 /* WARemoteInterface.m */,
			);
			name = API;
			path = "wammer-iOS";
			sourceTree = "<group>";
		};
		FF97386213D82B55003D1722 /* JSONKit */ = {
			isa = PBXGroup;
			children = (
				FF97385F13D82B4F003D1722 /* JSONKit.h */,
				FF97386013D82B4F003D1722 /* JSONKit.m */,
			);
			name = JSONKit;
			sourceTree = "<group>";
		};
		FFC2E04C13DD706600816EA1 /* Resources */ = {
			isa = PBXGroup;
			children = (
				FF21C8D213E14CF9009B980D /* IPSample */,
				FF4FA01313E136A0002C627F /* WACapsuleLeft.png */,
				FF4FA01413E136A0002C627F /* WACapsuleRight.png */,
				FF4FA01513E136A0002C627F /* WACapsuleSingle.png */,
				FAE26ECA13E1435D00CB1E3A /* Icon.png */,
				FFC2E04D13DD708300816EA1 /* Icon-72.png */,
				FF9DA0BD13DFF6BC00D6B28B /* WAMockArticlesList.json */,
			);
			name = Resources;
			path = "wammer-iOS";
			sourceTree = "<group>";
		};
/* End PBXGroup section */

/* Begin PBXNativeTarget section */
		FF73A53D13D6C2CC00D54EC6 /* wammer */ = {
			isa = PBXNativeTarget;
			buildConfigurationList = FF73A55613D6C2CD00D54EC6 /* Build configuration list for PBXNativeTarget "wammer" */;
			buildPhases = (
				FF73A53A13D6C2CC00D54EC6 /* Sources */,
				FF73A53B13D6C2CC00D54EC6 /* Frameworks */,
				FF73A53C13D6C2CC00D54EC6 /* Resources */,
			);
			buildRules = (
			);
			dependencies = (
				FF73A5F813D6DDE800D54EC6 /* PBXTargetDependency */,
				FF73A5FA13D6DDE800D54EC6 /* PBXTargetDependency */,
				FF73A5FC13D6DDE800D54EC6 /* PBXTargetDependency */,
			);
			name = wammer;
			productName = "wammer-iOS";
			productReference = FF73A53E13D6C2CC00D54EC6 /* wammer.app */;
			productType = "com.apple.product-type.application";
		};
/* End PBXNativeTarget section */

/* Begin PBXProject section */
		FF73A53513D6C2CC00D54EC6 /* Project object */ = {
			isa = PBXProject;
			attributes = {
				LastUpgradeCheck = 0420;
				ORGANIZATIONNAME = "Iridia Productions";
			};
			buildConfigurationList = FF73A53813D6C2CC00D54EC6 /* Build configuration list for PBXProject "wammer-iOS" */;
			compatibilityVersion = "Xcode 3.2";
			developmentRegion = English;
			hasScannedForEncodings = 0;
			knownRegions = (
				en,
			);
			mainGroup = FF73A53313D6C2CC00D54EC6;
			productRefGroup = FF73A53F13D6C2CC00D54EC6 /* Products */;
			projectDirPath = "";
			projectReferences = (
				{
					ProductGroup = FF73A5DA13D6DD5000D54EC6 /* Products */;
					ProjectRef = FF73A5B413D6DC8000D54EC6 /* AQGridView.xcodeproj */;
				},
				{
					ProductGroup = FF73A59613D6DC6500D54EC6 /* Products */;
					ProjectRef = FF73A59513D6DC6500D54EC6 /* IRFoundations.xcodeproj */;
				},
				{
					ProductGroup = FF73A59F13D6DC6A00D54EC6 /* Products */;
					ProjectRef = FF73A59E13D6DC6A00D54EC6 /* IRWebAPIKit.xcodeproj */;
				},
			);
			projectRoot = "";
			targets = (
				FF73A53D13D6C2CC00D54EC6 /* wammer */,
			);
		};
/* End PBXProject section */

/* Begin PBXReferenceProxy section */
		FF73A59D13D6DC6500D54EC6 /* libIRFoundationsTouch.a */ = {
			isa = PBXReferenceProxy;
			fileType = archive.ar;
			path = libIRFoundationsTouch.a;
			remoteRef = FF73A59C13D6DC6500D54EC6 /* PBXContainerItemProxy */;
			sourceTree = BUILT_PRODUCTS_DIR;
		};
		FF73A5A713D6DC6A00D54EC6 /* libIRWebAPIKit.a */ = {
			isa = PBXReferenceProxy;
			fileType = archive.ar;
			path = libIRWebAPIKit.a;
			remoteRef = FF73A5A613D6DC6A00D54EC6 /* PBXContainerItemProxy */;
			sourceTree = BUILT_PRODUCTS_DIR;
		};
		FF73A5A913D6DC6A00D54EC6 /* IRWebAPIKitTest.octest */ = {
			isa = PBXReferenceProxy;
			fileType = wrapper.cfbundle;
			path = IRWebAPIKitTest.octest;
			remoteRef = FF73A5A813D6DC6A00D54EC6 /* PBXContainerItemProxy */;
			sourceTree = BUILT_PRODUCTS_DIR;
		};
		FF73A5DE13D6DD5000D54EC6 /* libAQGridView.a */ = {
			isa = PBXReferenceProxy;
			fileType = archive.ar;
			path = libAQGridView.a;
			remoteRef = FF73A5DD13D6DD5000D54EC6 /* PBXContainerItemProxy */;
			sourceTree = BUILT_PRODUCTS_DIR;
		};
/* End PBXReferenceProxy section */

/* Begin PBXResourcesBuildPhase section */
		FF73A53C13D6C2CC00D54EC6 /* Resources */ = {
			isa = PBXResourcesBuildPhase;
			buildActionMask = 2147483647;
			files = (
				FF73A54D13D6C2CD00D54EC6 /* InfoPlist.strings in Resources */,
				FFC2E04E13DD708300816EA1 /* Icon-72.png in Resources */,
				FF9DA0BE13DFF6BC00D6B28B /* WAMockArticlesList.json in Resources */,
				FF4FA01213E13249002C627F /* WAArticleViewController.xib in Resources */,
				FF4FA01613E136A0002C627F /* WACapsuleLeft.png in Resources */,
				FF4FA01713E136A0002C627F /* WACapsuleRight.png in Resources */,
				FF4FA01813E136A1002C627F /* WACapsuleSingle.png in Resources */,
				FF21C8D313E14CF9009B980D /* IPSample in Resources */,
				FAE26ECB13E1435D00CB1E3A /* Icon.png in Resources */,
			);
			runOnlyForDeploymentPostprocessing = 0;
		};
/* End PBXResourcesBuildPhase section */

/* Begin PBXSourcesBuildPhase section */
		FF73A53A13D6C2CC00D54EC6 /* Sources */ = {
			isa = PBXSourcesBuildPhase;
			buildActionMask = 2147483647;
			files = (
				FF73A54F13D6C2CD00D54EC6 /* main.m in Sources */,
				FF73A55313D6C2CD00D54EC6 /* WAAppDelegate.m in Sources */,
				FF73A56C13D6CD2200D54EC6 /* WAArticlesViewController.m in Sources */,
				FF73A56F13D6CD4100D54EC6 /* WACompositionViewController.m in Sources */,
				FF73A5C013D6DCA400D54EC6 /* MGSplitCornersView.m in Sources */,
				FF73A5C113D6DCA400D54EC6 /* MGSplitDividerView.m in Sources */,
				FF73A5C213D6DCA400D54EC6 /* MGSplitViewController.m in Sources */,
				FF03F5CF13D81B76007E168F /* WAModel.xcdatamodeld in Sources */,
				FF97382513D821DF003D1722 /* WADataStore.m in Sources */,
				FF97384913D8278E003D1722 /* WARemoteInterface.m in Sources */,
				FF97386113D82B4F003D1722 /* JSONKit.m in Sources */,
				FF269E5A13D84A420085E20A /* WAPaginationSlider.m in Sources */,
				FF9DA0C113DFF88F00D6B28B /* WAUser.m in Sources */,
				FF9DA0C413DFF89000D6B28B /* WAArticle.m in Sources */,
				FF9DA0C713DFF89000D6B28B /* WAComment.m in Sources */,
				FF9DA0CA13DFF89000D6B28B /* WAFile.m in Sources */,
				FF4FA00A13E114F3002C627F /* WAArticleViewController.m in Sources */,
				FF4FA01B13E13D44002C627F /* WAImageStackView.m in Sources */,
				4B1527A213E29E72006E9737 /* WAArticlesViewController_iPhone.m in Sources */,
				FF3ACA9013E6ACFB000F608C /* WAView.m in Sources */,
			);
			runOnlyForDeploymentPostprocessing = 0;
		};
/* End PBXSourcesBuildPhase section */

/* Begin PBXTargetDependency section */
		FF73A5F813D6DDE800D54EC6 /* PBXTargetDependency */ = {
			isa = PBXTargetDependency;
			name = IRFoundationsTouch;
			targetProxy = FF73A5F713D6DDE800D54EC6 /* PBXContainerItemProxy */;
		};
		FF73A5FA13D6DDE800D54EC6 /* PBXTargetDependency */ = {
			isa = PBXTargetDependency;
			name = IRWebAPIKit;
			targetProxy = FF73A5F913D6DDE800D54EC6 /* PBXContainerItemProxy */;
		};
		FF73A5FC13D6DDE800D54EC6 /* PBXTargetDependency */ = {
			isa = PBXTargetDependency;
			name = AQGridView;
			targetProxy = FF73A5FB13D6DDE800D54EC6 /* PBXContainerItemProxy */;
		};
/* End PBXTargetDependency section */

/* Begin PBXVariantGroup section */
		FF73A54B13D6C2CD00D54EC6 /* InfoPlist.strings */ = {
			isa = PBXVariantGroup;
			children = (
				FF73A54C13D6C2CD00D54EC6 /* en */,
			);
			name = InfoPlist.strings;
			sourceTree = "<group>";
		};
/* End PBXVariantGroup section */

/* Begin XCBuildConfiguration section */
		FF73A55413D6C2CD00D54EC6 /* Debug */ = {
			isa = XCBuildConfiguration;
			buildSettings = {
				ALWAYS_SEARCH_USER_PATHS = YES;
				ARCHS = "$(ARCHS_STANDARD_32_BIT)";
				CLANG_ENABLE_OBJC_ARC = NO;
				CODE_SIGN_IDENTITY = "iPhone Developer: Vincent Huang (2PT2NL823H)";
				"CODE_SIGN_IDENTITY[sdk=iphoneos*]" = "iPhone Developer: Vincent Huang (2PT2NL823H)";
				COPY_PHASE_STRIP = NO;
				CURRENT_PROJECT_VERSION = 1;
				GCC_C_LANGUAGE_STANDARD = gnu99;
				GCC_DYNAMIC_NO_PIC = NO;
				GCC_OPTIMIZATION_LEVEL = 0;
				GCC_PREPROCESSOR_DEFINITIONS = (
					"DEBUG=1",
					"$(inherited)",
				);
				GCC_SYMBOLS_PRIVATE_EXTERN = NO;
				GCC_VERSION = com.apple.compilers.llvm.clang.1_0;
				GCC_WARN_ABOUT_MISSING_PROTOTYPES = YES;
				GCC_WARN_ABOUT_RETURN_TYPE = YES;
				GCC_WARN_UNUSED_VARIABLE = YES;
				HEADER_SEARCH_PATHS = (
					"$(PROJECT_DIR)/external/IRFoundations/**",
					"$(SDKROOT)/usr/include/libxml2/**",
					"$(PROJECT_DIR)/external/IRWebAPIKit/**",
				);
				IPHONEOS_DEPLOYMENT_TARGET = 4.3;
				OTHER_LDFLAGS = (
					"-ObjC",
					"-all_load",
				);
				PROVISIONING_PROFILE = "BCA394F2-F706-42C5-AD2A-01DE81D02A26";
				"PROVISIONING_PROFILE[sdk=iphoneos*]" = "BCA394F2-F706-42C5-AD2A-01DE81D02A26";
				SDKROOT = iphoneos4.3;
				TARGETED_DEVICE_FAMILY = 2;
				VERSIONING_SYSTEM = "apple-generic";
			};
			name = Debug;
		};
		FF73A55513D6C2CD00D54EC6 /* Release */ = {
			isa = XCBuildConfiguration;
			buildSettings = {
				ALWAYS_SEARCH_USER_PATHS = YES;
				ARCHS = "$(ARCHS_STANDARD_32_BIT)";
				CLANG_ENABLE_OBJC_ARC = NO;
				CODE_SIGN_IDENTITY = "iPhone Developer: Vincent Huang (2PT2NL823H)";
				"CODE_SIGN_IDENTITY[sdk=iphoneos*]" = "iPhone Developer: Vincent Huang (2PT2NL823H)";
				COPY_PHASE_STRIP = YES;
				CURRENT_PROJECT_VERSION = 1;
				GCC_C_LANGUAGE_STANDARD = gnu99;
				GCC_VERSION = com.apple.compilers.llvm.clang.1_0;
				GCC_WARN_ABOUT_MISSING_PROTOTYPES = YES;
				GCC_WARN_ABOUT_RETURN_TYPE = YES;
				GCC_WARN_UNUSED_VARIABLE = YES;
				HEADER_SEARCH_PATHS = (
					"$(PROJECT_DIR)/external/IRFoundations/**",
					"$(SDKROOT)/usr/include/libxml2/**",
					"$(PROJECT_DIR)/external/IRWebAPIKit/**",
				);
				IPHONEOS_DEPLOYMENT_TARGET = 4.3;
				OTHER_CFLAGS = "-DNS_BLOCK_ASSERTIONS=1";
				OTHER_LDFLAGS = (
					"-ObjC",
					"-all_load",
				);
				PROVISIONING_PROFILE = "BCA394F2-F706-42C5-AD2A-01DE81D02A26";
				"PROVISIONING_PROFILE[sdk=iphoneos*]" = "BCA394F2-F706-42C5-AD2A-01DE81D02A26";
				SDKROOT = iphoneos4.3;
				TARGETED_DEVICE_FAMILY = 2;
				VALIDATE_PRODUCT = YES;
				VERSIONING_SYSTEM = "apple-generic";
			};
			name = Release;
		};
		FF73A55713D6C2CD00D54EC6 /* Debug */ = {
			isa = XCBuildConfiguration;
			buildSettings = {
				GCC_PRECOMPILE_PREFIX_HEADER = YES;
				GCC_PREFIX_HEADER = "wammer-iOS/wammer-iOS-Prefix.pch";
				INFOPLIST_FILE = "wammer-iOS/wammer-iOS-Info.plist";
				PRODUCT_NAME = "$(TARGET_NAME)";
				TARGETED_DEVICE_FAMILY = "1,2";
				WRAPPER_EXTENSION = app;
			};
			name = Debug;
		};
		FF73A55813D6C2CD00D54EC6 /* Release */ = {
			isa = XCBuildConfiguration;
			buildSettings = {
				GCC_PRECOMPILE_PREFIX_HEADER = YES;
				GCC_PREFIX_HEADER = "wammer-iOS/wammer-iOS-Prefix.pch";
				INFOPLIST_FILE = "wammer-iOS/wammer-iOS-Info.plist";
				PRODUCT_NAME = "$(TARGET_NAME)";
				TARGETED_DEVICE_FAMILY = "1,2";
				WRAPPER_EXTENSION = app;
			};
			name = Release;
		};
/* End XCBuildConfiguration section */

/* Begin XCConfigurationList section */
		FF73A53813D6C2CC00D54EC6 /* Build configuration list for PBXProject "wammer-iOS" */ = {
			isa = XCConfigurationList;
			buildConfigurations = (
				FF73A55413D6C2CD00D54EC6 /* Debug */,
				FF73A55513D6C2CD00D54EC6 /* Release */,
			);
			defaultConfigurationIsVisible = 0;
			defaultConfigurationName = Release;
		};
		FF73A55613D6C2CD00D54EC6 /* Build configuration list for PBXNativeTarget "wammer" */ = {
			isa = XCConfigurationList;
			buildConfigurations = (
				FF73A55713D6C2CD00D54EC6 /* Debug */,
				FF73A55813D6C2CD00D54EC6 /* Release */,
			);
			defaultConfigurationIsVisible = 0;
			defaultConfigurationName = Release;
		};
/* End XCConfigurationList section */

/* Begin XCVersionGroup section */
		FF03F5CD13D81B76007E168F /* WAModel.xcdatamodeld */ = {
			isa = XCVersionGroup;
			children = (
				FF03F5CE13D81B76007E168F /* WAModel.xcdatamodel */,
			);
			currentVersion = FF03F5CE13D81B76007E168F /* WAModel.xcdatamodel */;
			path = WAModel.xcdatamodeld;
			sourceTree = "<group>";
			versionGroupType = wrapper.xcdatamodel;
		};
/* End XCVersionGroup section */
	};
	rootObject = FF73A53513D6C2CC00D54EC6 /* Project object */;
}
