// !$*UTF8*$!
{
	archiveVersion = 1;
	classes = {
	};
	objectVersion = 46;
	objects = {

/* Begin PBXBuildFile section */
		4B1527A213E29E72006E9737 /* WAPostsViewControllerPhone.m in Sources */ = {isa = PBXBuildFile; fileRef = 4B1527A113E29E72006E9737 /* WAPostsViewControllerPhone.m */; };
		4B225D1A1404F63900F9A1CE /* WAPostViewCellPhone-ImageStack.xib in Resources */ = {isa = PBXBuildFile; fileRef = 4B225D181404F63900F9A1CE /* WAPostViewCellPhone-ImageStack.xib */; };
		4B587BB813F4D7AE0084E671 /* WAComposeViewControllerPhone.m in Sources */ = {isa = PBXBuildFile; fileRef = 4B587BB413F4D7AE0084E671 /* WAComposeViewControllerPhone.m */; };
		4B587BB913F4D7AE0084E671 /* WAComposeViewControllerPhone.xib in Resources */ = {isa = PBXBuildFile; fileRef = 4B587BB513F4D7AE0084E671 /* WAComposeViewControllerPhone.xib */; };
		4B587BBA13F4D7AE0084E671 /* WAPostViewControllerPhone.m in Sources */ = {isa = PBXBuildFile; fileRef = 4B587BB713F4D7AE0084E671 /* WAPostViewControllerPhone.m */; };
		4B86976A13EA77FD0024125B /* WAUserSelectionViewController.m in Sources */ = {isa = PBXBuildFile; fileRef = 4B86976913EA77FD0024125B /* WAUserSelectionViewController.m */; };
		4BCA9EA213FCE9DC00978CE9 /* WAPostViewCellPhone-Default.xib in Resources */ = {isa = PBXBuildFile; fileRef = 4BCA9E9F13FCE9DC00978CE9 /* WAPostViewCellPhone-Default.xib */; };
		4BCA9EA313FCE9DC00978CE9 /* WAPostViewCellPhone.m in Sources */ = {isa = PBXBuildFile; fileRef = 4BCA9EA113FCE9DC00978CE9 /* WAPostViewCellPhone.m */; };
		FAE26ECB13E1435D00CB1E3A /* Icon.png in Resources */ = {isa = PBXBuildFile; fileRef = FAE26ECA13E1435D00CB1E3A /* Icon.png */; };
		FF027C9C13F1304D009D979A /* WADefaultUserIcon.png in Resources */ = {isa = PBXBuildFile; fileRef = FF027C9B13F1304D009D979A /* WADefaultUserIcon.png */; };
		FF027CC213F13E03009D979A /* WAPatternGreenFibers.png in Resources */ = {isa = PBXBuildFile; fileRef = FF027CC113F13E03009D979A /* WAPatternGreenFibers.png */; };
		FF027CC413F1433B009D979A /* WAPatternPaper.png in Resources */ = {isa = PBXBuildFile; fileRef = FF027CC313F1433B009D979A /* WAPatternPaper.png */; };
		FF03F5CF13D81B76007E168F /* WAModel.xcdatamodeld in Sources */ = {isa = PBXBuildFile; fileRef = FF03F5CD13D81B76007E168F /* WAModel.xcdatamodeld */; };
		FF13870F13E94B6E00154B7D /* UIView+WAAdditions.m in Sources */ = {isa = PBXBuildFile; fileRef = FF13870E13E94B6E00154B7D /* UIView+WAAdditions.m */; };
		FF13871113E94F0700154B7D /* WACompositionBarBackground.png in Resources */ = {isa = PBXBuildFile; fileRef = FF13871013E94F0700154B7D /* WACompositionBarBackground.png */; };
		FF13871313E95C3900154B7D /* WACompositionTextWellBackground.png in Resources */ = {isa = PBXBuildFile; fileRef = FF13871213E95C3900154B7D /* WACompositionTextWellBackground.png */; };
		FF13871513E95E0800154B7D /* WACompositionSendButtonBackground.png in Resources */ = {isa = PBXBuildFile; fileRef = FF13871413E95E0800154B7D /* WACompositionSendButtonBackground.png */; };
		FF164977140CC19900CAE824 /* WAAuthenticationRequestViewController.m in Sources */ = {isa = PBXBuildFile; fileRef = FF164976140CC19900CAE824 /* WAAuthenticationRequestViewController.m */; };
		FF21C8D313E14CF9009B980D /* IPSample in Resources */ = {isa = PBXBuildFile; fileRef = FF21C8D213E14CF9009B980D /* IPSample */; };
		FF24072C13F27F4A000B2CAA /* WAPatternCarbonFibre.png in Resources */ = {isa = PBXBuildFile; fileRef = FF24072B13F27F4A000B2CAA /* WAPatternCarbonFibre.png */; };
		FF24072F13F2881E000B2CAA /* WAViewController.m in Sources */ = {isa = PBXBuildFile; fileRef = FF24072E13F2881E000B2CAA /* WAViewController.m */; };
		FF269E5A13D84A420085E20A /* WAPaginationSlider.m in Sources */ = {isa = PBXBuildFile; fileRef = FF269E5913D84A420085E20A /* WAPaginationSlider.m */; };
		FF3ACA9013E6ACFB000F608C /* WAView.m in Sources */ = {isa = PBXBuildFile; fileRef = FF3ACA8F13E6ACFB000F608C /* WAView.m */; };
		FF42567E1414DFA0005A12ED /* WAOverlayBezel-Checkmark.png in Resources */ = {isa = PBXBuildFile; fileRef = FF42567C1414DFA0005A12ED /* WAOverlayBezel-Checkmark.png */; };
		FF42567F1414DFA0005A12ED /* WAOverlayBezel-Error.png in Resources */ = {isa = PBXBuildFile; fileRef = FF42567D1414DFA0005A12ED /* WAOverlayBezel-Error.png */; };
		FF4FA00A13E114F3002C627F /* WAArticleViewController.m in Sources */ = {isa = PBXBuildFile; fileRef = FF4FA00913E114F3002C627F /* WAArticleViewController.m */; };
		FF4FA01213E13249002C627F /* WAArticleViewController-Default.xib in Resources */ = {isa = PBXBuildFile; fileRef = FF4FA01113E13249002C627F /* WAArticleViewController-Default.xib */; };
		FF4FA01613E136A0002C627F /* WACapsuleLeft.png in Resources */ = {isa = PBXBuildFile; fileRef = FF4FA01313E136A0002C627F /* WACapsuleLeft.png */; };
		FF4FA01713E136A0002C627F /* WACapsuleRight.png in Resources */ = {isa = PBXBuildFile; fileRef = FF4FA01413E136A0002C627F /* WACapsuleRight.png */; };
		FF4FA01813E136A1002C627F /* WACapsuleSingle.png in Resources */ = {isa = PBXBuildFile; fileRef = FF4FA01513E136A0002C627F /* WACapsuleSingle.png */; };
		FF4FA01B13E13D44002C627F /* WAImageStackView.m in Sources */ = {isa = PBXBuildFile; fileRef = FF4FA01A13E13D44002C627F /* WAImageStackView.m */; };
		FF55C23813F5256B00F38861 /* WAArticleCommentsViewCell.m in Sources */ = {isa = PBXBuildFile; fileRef = FF55C23713F5256B00F38861 /* WAArticleCommentsViewCell.m */; };
		FF55C23A13F5270600F38861 /* WAArticleCommentsViewCell-Default.xib in Resources */ = {isa = PBXBuildFile; fileRef = FF55C23913F5270500F38861 /* WAArticleCommentsViewCell-Default.xib */; };
		FF5B83B3140F935500A9D037 /* WADiscretePaginatedArticlesViewController.xib in Resources */ = {isa = PBXBuildFile; fileRef = FF5B83B2140F935500A9D037 /* WADiscretePaginatedArticlesViewController.xib */; };
		FF615EAD13EBBF98004A2CA6 /* PLEmptyCameraRoll-Large~ipad.png in Resources */ = {isa = PBXBuildFile; fileRef = FF615EAC13EBBF98004A2CA6 /* PLEmptyCameraRoll-Large~ipad.png */; };
		FF615EAF13EBC05C004A2CA6 /* PLEmptyPhotoAlbum-Large~ipad.png in Resources */ = {isa = PBXBuildFile; fileRef = FF615EAE13EBC05C004A2CA6 /* PLEmptyPhotoAlbum-Large~ipad.png */; };
		FF666C30140CD31D00C35CED /* Security.framework in Frameworks */ = {isa = PBXBuildFile; fileRef = FF666C2F140CD31C00C35CED /* Security.framework */; };
		FF666C7B140CD79300C35CED /* libIRKeychain.a in Frameworks */ = {isa = PBXBuildFile; fileRef = FF666C2B140CD2B200C35CED /* libIRKeychain.a */; };
		FF71D3F9140E0A0C0069B161 /* WAArticlesViewController.m in Sources */ = {isa = PBXBuildFile; fileRef = FF71D3F8140E0A0C0069B161 /* WAArticlesViewController.m */; };
		FF73A54313D6C2CC00D54EC6 /* UIKit.framework in Frameworks */ = {isa = PBXBuildFile; fileRef = FF73A54213D6C2CC00D54EC6 /* UIKit.framework */; };
		FF73A54513D6C2CC00D54EC6 /* Foundation.framework in Frameworks */ = {isa = PBXBuildFile; fileRef = FF73A54413D6C2CC00D54EC6 /* Foundation.framework */; };
		FF73A54713D6C2CC00D54EC6 /* CoreGraphics.framework in Frameworks */ = {isa = PBXBuildFile; fileRef = FF73A54613D6C2CC00D54EC6 /* CoreGraphics.framework */; };
		FF73A54D13D6C2CD00D54EC6 /* InfoPlist.strings in Resources */ = {isa = PBXBuildFile; fileRef = FF73A54B13D6C2CD00D54EC6 /* InfoPlist.strings */; };
		FF73A54F13D6C2CD00D54EC6 /* main.m in Sources */ = {isa = PBXBuildFile; fileRef = FF73A54E13D6C2CD00D54EC6 /* main.m */; };
		FF73A55313D6C2CD00D54EC6 /* WAAppDelegate.m in Sources */ = {isa = PBXBuildFile; fileRef = FF73A55213D6C2CD00D54EC6 /* WAAppDelegate.m */; };
		FF73A56C13D6CD2200D54EC6 /* WAPaginatedArticlesViewController.m in Sources */ = {isa = PBXBuildFile; fileRef = FF73A56B13D6CD2200D54EC6 /* WAPaginatedArticlesViewController.m */; };
		FF73A56F13D6CD4100D54EC6 /* WACompositionViewController.m in Sources */ = {isa = PBXBuildFile; fileRef = FF73A56E13D6CD4100D54EC6 /* WACompositionViewController.m */; };
		FF73A5C013D6DCA400D54EC6 /* MGSplitCornersView.m in Sources */ = {isa = PBXBuildFile; fileRef = FF73A5BB13D6DCA400D54EC6 /* MGSplitCornersView.m */; };
		FF73A5C113D6DCA400D54EC6 /* MGSplitDividerView.m in Sources */ = {isa = PBXBuildFile; fileRef = FF73A5BD13D6DCA400D54EC6 /* MGSplitDividerView.m */; };
		FF73A5C213D6DCA400D54EC6 /* MGSplitViewController.m in Sources */ = {isa = PBXBuildFile; fileRef = FF73A5BF13D6DCA400D54EC6 /* MGSplitViewController.m */; };
		FF73A5FD13D6DDF300D54EC6 /* libAQGridView.a in Frameworks */ = {isa = PBXBuildFile; fileRef = FF73A5DE13D6DD5000D54EC6 /* libAQGridView.a */; };
		FF73A5FE13D6DDF300D54EC6 /* libIRFoundationsTouch.a in Frameworks */ = {isa = PBXBuildFile; fileRef = FF73A59D13D6DC6500D54EC6 /* libIRFoundationsTouch.a */; };
		FF73A5FF13D6DDF300D54EC6 /* libIRWebAPIKit.a in Frameworks */ = {isa = PBXBuildFile; fileRef = FF73A5A713D6DC6A00D54EC6 /* libIRWebAPIKit.a */; };
		FF73A60113D6DDF800D54EC6 /* libxml2.2.7.3.dylib in Frameworks */ = {isa = PBXBuildFile; fileRef = FF73A60013D6DDF800D54EC6 /* libxml2.2.7.3.dylib */; };
		FF73A69613D6E07D00D54EC6 /* MobileCoreServices.framework in Frameworks */ = {isa = PBXBuildFile; fileRef = FF73A69513D6E07D00D54EC6 /* MobileCoreServices.framework */; };
		FF73A69813D6E08100D54EC6 /* CoreData.framework in Frameworks */ = {isa = PBXBuildFile; fileRef = FF73A69713D6E08100D54EC6 /* CoreData.framework */; };
		FF73A69A13D6E08800D54EC6 /* QuartzCore.framework in Frameworks */ = {isa = PBXBuildFile; fileRef = FF73A69913D6E08800D54EC6 /* QuartzCore.framework */; };
		FF7D466814024FD800C916F5 /* WAImageStreamPickerView.m in Sources */ = {isa = PBXBuildFile; fileRef = FF7D466714024FD800C916F5 /* WAImageStreamPickerView.m */; };
		FF878BBD13FA6F8700B76807 /* WASpeechBubble.png in Resources */ = {isa = PBXBuildFile; fileRef = FF878BBC13FA6F8700B76807 /* WASpeechBubble.png */; };
		FF878C0813FA730100B76807 /* WAGalleryImageView.m in Sources */ = {isa = PBXBuildFile; fileRef = FF878C0713FA730100B76807 /* WAGalleryImageView.m */; };
		FF878C0913FA731200B76807 /* WAGalleryViewController.m in Sources */ = {isa = PBXBuildFile; fileRef = FF6FFCC413F86445000C582D /* WAGalleryViewController.m */; };
		FF8CDE8513F3DAB700E08F28 /* WACompositionViewPhotoCell.m in Sources */ = {isa = PBXBuildFile; fileRef = FF8CDE8413F3DAB700E08F28 /* WACompositionViewPhotoCell.m */; };
		FF8CDE8713F3DFBB00E08F28 /* WAButtonSpringBoardRemove.png in Resources */ = {isa = PBXBuildFile; fileRef = FF8CDE8613F3DFBB00E08F28 /* WAButtonSpringBoardRemove.png */; };
		FF92796414079593007BEB65 /* WATableViewCell.m in Sources */ = {isa = PBXBuildFile; fileRef = FF92796314079593007BEB65 /* WATableViewCell.m */; };
		FF97382513D821DF003D1722 /* WADataStore.m in Sources */ = {isa = PBXBuildFile; fileRef = FF97382413D821DF003D1722 /* WADataStore.m */; };
		FF97384913D8278E003D1722 /* WARemoteInterface.m in Sources */ = {isa = PBXBuildFile; fileRef = FF97384813D8278E003D1722 /* WARemoteInterface.m */; };
		FF97386113D82B4F003D1722 /* JSONKit.m in Sources */ = {isa = PBXBuildFile; fileRef = FF97386013D82B4F003D1722 /* JSONKit.m */; };
		FF9A17B913FA5371009E4CC4 /* WAArticleTextEmphasisLabel.m in Sources */ = {isa = PBXBuildFile; fileRef = FF9A17B813FA5371009E4CC4 /* WAArticleTextEmphasisLabel.m */; };
		FF9DA0BE13DFF6BC00D6B28B /* WAMockArticlesList.json in Resources */ = {isa = PBXBuildFile; fileRef = FF9DA0BD13DFF6BC00D6B28B /* WAMockArticlesList.json */; };
		FF9DA0C113DFF88F00D6B28B /* WAUser.m in Sources */ = {isa = PBXBuildFile; fileRef = FF9DA0C013DFF88F00D6B28B /* WAUser.m */; };
		FF9DA0C413DFF89000D6B28B /* WAArticle.m in Sources */ = {isa = PBXBuildFile; fileRef = FF9DA0C313DFF89000D6B28B /* WAArticle.m */; };
		FF9DA0C713DFF89000D6B28B /* WAComment.m in Sources */ = {isa = PBXBuildFile; fileRef = FF9DA0C613DFF89000D6B28B /* WAComment.m */; };
		FF9DA0CA13DFF89000D6B28B /* WAFile.m in Sources */ = {isa = PBXBuildFile; fileRef = FF9DA0C913DFF89000D6B28B /* WAFile.m */; };
		FFA67D5313EBD35C00159B6E /* WAPhotoQueueBackground.png in Resources */ = {isa = PBXBuildFile; fileRef = FFA67D5213EBD35C00159B6E /* WAPhotoQueueBackground.png */; };
		FFAA7B75140773F9006F88DC /* WAAttachedMediaListViewController.m in Sources */ = {isa = PBXBuildFile; fileRef = FFAA7B73140773F9006F88DC /* WAAttachedMediaListViewController.m */; };
		FFBA66E1140E0E4300BE5A1D /* WADiscretePaginatedArticlesViewController.m in Sources */ = {isa = PBXBuildFile; fileRef = FFBA66E0140E0E4300BE5A1D /* WADiscretePaginatedArticlesViewController.m */; };
		FFBA66F0140E12BC00BE5A1D /* libIRDiscreteLayoutManager.a in Frameworks */ = {isa = PBXBuildFile; fileRef = FFBA66EB140E12AD00BE5A1D /* libIRDiscreteLayoutManager.a */; };
		FFBD444813FDA6E000F535D2 /* WAArticleViewController-Plaintext.xib in Resources */ = {isa = PBXBuildFile; fileRef = FFBD444713FDA6E000F535D2 /* WAArticleViewController-Plaintext.xib */; };
		FFC2E04E13DD708300816EA1 /* Icon-72.png in Resources */ = {isa = PBXBuildFile; fileRef = FFC2E04D13DD708300816EA1 /* Icon-72.png */; };
		FFC813B813EB8BA1007B0683 /* PLCameraButtonIcon.png in Resources */ = {isa = PBXBuildFile; fileRef = FFC813B713EB8BA1007B0683 /* PLCameraButtonIcon.png */; };
		FFC813C313EB8F7E007B0683 /* AssetsLibrary.framework in Frameworks */ = {isa = PBXBuildFile; fileRef = FFC813C213EB8F7E007B0683 /* AssetsLibrary.framework */; };
		FFF1F60113EFDF9600D3997C /* WAMockUsersList.json in Resources */ = {isa = PBXBuildFile; fileRef = FFF1F60013EFDF9600D3997C /* WAMockUsersList.json */; };
		FFF4EAC91410EFE2007F444B /* WAOverlayBezel.m in Sources */ = {isa = PBXBuildFile; fileRef = FFF4EAC81410EFE2007F444B /* WAOverlayBezel.m */; };
		FFF9B79E13E7D0D5002A9D7F /* WAArticleCommentsViewController.m in Sources */ = {isa = PBXBuildFile; fileRef = FFF9B79D13E7D0D5002A9D7F /* WAArticleCommentsViewController.m */; };
		FFF9B7A513E7D8E5002A9D7F /* WACapsuleLeftPressed.png in Resources */ = {isa = PBXBuildFile; fileRef = FFF9B79F13E7D8E5002A9D7F /* WACapsuleLeftPressed.png */; };
		FFF9B7A613E7D8E5002A9D7F /* WACapsuleRightPressed.png in Resources */ = {isa = PBXBuildFile; fileRef = FFF9B7A013E7D8E5002A9D7F /* WACapsuleRightPressed.png */; };
		FFF9B7A713E7D8E5002A9D7F /* WACapsuleSinglePressed.png in Resources */ = {isa = PBXBuildFile; fileRef = FFF9B7A113E7D8E5002A9D7F /* WACapsuleSinglePressed.png */; };
		FFF9B7A813E7D8E5002A9D7F /* WAReply.png in Resources */ = {isa = PBXBuildFile; fileRef = FFF9B7A213E7D8E5002A9D7F /* WAReply.png */; };
		FFF9B7A913E7D8E5002A9D7F /* WATinyArrowDown.png in Resources */ = {isa = PBXBuildFile; fileRef = FFF9B7A313E7D8E5002A9D7F /* WATinyArrowDown.png */; };
		FFF9B7AA13E7D8E5002A9D7F /* WATinyArrowUp.png in Resources */ = {isa = PBXBuildFile; fileRef = FFF9B7A413E7D8E5002A9D7F /* WATinyArrowUp.png */; };
		FFF9B7AE13E7DFFE002A9D7F /* WAArticleCommentsViewController.xib in Resources */ = {isa = PBXBuildFile; fileRef = FFF9B7AD13E7DFFE002A9D7F /* WAArticleCommentsViewController.xib */; };
		FFFFD9DB13EAABDB000E3D2D /* WACompositionViewController.xib in Resources */ = {isa = PBXBuildFile; fileRef = FFFFD9DA13EAABDB000E3D2D /* WACompositionViewController.xib */; };
/* End PBXBuildFile section */

/* Begin PBXContainerItemProxy section */
		FF666C2A140CD2B200C35CED /* PBXContainerItemProxy */ = {
			isa = PBXContainerItemProxy;
			containerPortal = FF666C23140CD2B200C35CED /* IRKeychain.xcodeproj */;
			proxyType = 2;
			remoteGlobalIDString = D2AAC07E0554694100DB518D;
			remoteInfo = IRKeychain;
		};
		FF666C2D140CD30D00C35CED /* PBXContainerItemProxy */ = {
			isa = PBXContainerItemProxy;
			containerPortal = FF666C23140CD2B200C35CED /* IRKeychain.xcodeproj */;
			proxyType = 1;
			remoteGlobalIDString = D2AAC07D0554694100DB518D;
			remoteInfo = IRKeychain;
		};
		FF73A59C13D6DC6500D54EC6 /* PBXContainerItemProxy */ = {
			isa = PBXContainerItemProxy;
			containerPortal = FF73A59513D6DC6500D54EC6 /* IRFoundations.xcodeproj */;
			proxyType = 2;
			remoteGlobalIDString = FF0A8BA91337AFB700DDA47C;
			remoteInfo = IRFoundationsTouch;
		};
		FF73A5A613D6DC6A00D54EC6 /* PBXContainerItemProxy */ = {
			isa = PBXContainerItemProxy;
			containerPortal = FF73A59E13D6DC6A00D54EC6 /* IRWebAPIKit.xcodeproj */;
			proxyType = 2;
			remoteGlobalIDString = FF7408241296A8D200571D46;
			remoteInfo = IRWebAPIKit;
		};
		FF73A5A813D6DC6A00D54EC6 /* PBXContainerItemProxy */ = {
			isa = PBXContainerItemProxy;
			containerPortal = FF73A59E13D6DC6A00D54EC6 /* IRWebAPIKit.xcodeproj */;
			proxyType = 2;
			remoteGlobalIDString = FF45627812D05708000239DC;
			remoteInfo = IRWebAPIKitTest;
		};
		FF73A5DD13D6DD5000D54EC6 /* PBXContainerItemProxy */ = {
			isa = PBXContainerItemProxy;
			containerPortal = FF73A5B413D6DC8000D54EC6 /* AQGridView.xcodeproj */;
			proxyType = 2;
			remoteGlobalIDString = D2AAC07E0554694100DB518D;
			remoteInfo = AQGridView;
		};
		FF73A5F713D6DDE800D54EC6 /* PBXContainerItemProxy */ = {
			isa = PBXContainerItemProxy;
			containerPortal = FF73A59513D6DC6500D54EC6 /* IRFoundations.xcodeproj */;
			proxyType = 1;
			remoteGlobalIDString = FF0A8BA81337AFB700DDA47C;
			remoteInfo = IRFoundationsTouch;
		};
		FF73A5F913D6DDE800D54EC6 /* PBXContainerItemProxy */ = {
			isa = PBXContainerItemProxy;
			containerPortal = FF73A59E13D6DC6A00D54EC6 /* IRWebAPIKit.xcodeproj */;
			proxyType = 1;
			remoteGlobalIDString = FF7408231296A8D200571D46;
			remoteInfo = IRWebAPIKit;
		};
		FF73A5FB13D6DDE800D54EC6 /* PBXContainerItemProxy */ = {
			isa = PBXContainerItemProxy;
			containerPortal = FF73A5B413D6DC8000D54EC6 /* AQGridView.xcodeproj */;
			proxyType = 1;
			remoteGlobalIDString = D2AAC07D0554694100DB518D;
			remoteInfo = AQGridView;
		};
		FFBA66EA140E12AD00BE5A1D /* PBXContainerItemProxy */ = {
			isa = PBXContainerItemProxy;
			containerPortal = FFBA66E2140E12AD00BE5A1D /* IRDiscreteLayoutManager.xcodeproj */;
			proxyType = 2;
			remoteGlobalIDString = FF55E1961407CE8400D8F3C7;
			remoteInfo = IRDiscreteLayoutManager;
		};
		FFBA66EC140E12AD00BE5A1D /* PBXContainerItemProxy */ = {
			isa = PBXContainerItemProxy;
			containerPortal = FFBA66E2140E12AD00BE5A1D /* IRDiscreteLayoutManager.xcodeproj */;
			proxyType = 2;
			remoteGlobalIDString = FF2BFEE0140AC72300604E8D;
			remoteInfo = IRDiscreteLayoutTests;
		};
		FFBA66EE140E12B600BE5A1D /* PBXContainerItemProxy */ = {
			isa = PBXContainerItemProxy;
			containerPortal = FFBA66E2140E12AD00BE5A1D /* IRDiscreteLayoutManager.xcodeproj */;
			proxyType = 1;
			remoteGlobalIDString = FF55E1951407CE8400D8F3C7;
			remoteInfo = IRDiscreteLayoutManager;
		};
/* End PBXContainerItemProxy section */

/* Begin PBXFileReference section */
		4B1527A013E29E72006E9737 /* WAPostsViewControllerPhone.h */ = {isa = PBXFileReference; fileEncoding = 4; lastKnownFileType = sourcecode.c.h; name = WAPostsViewControllerPhone.h; path = "wammer-iOS/WAPostsViewControllerPhone.h"; sourceTree = "<group>"; };
		4B1527A113E29E72006E9737 /* WAPostsViewControllerPhone.m */ = {isa = PBXFileReference; fileEncoding = 4; lastKnownFileType = sourcecode.c.objc; name = WAPostsViewControllerPhone.m; path = "wammer-iOS/WAPostsViewControllerPhone.m"; sourceTree = "<group>"; };
		4B225D181404F63900F9A1CE /* WAPostViewCellPhone-ImageStack.xib */ = {isa = PBXFileReference; fileEncoding = 4; lastKnownFileType = file.xib; name = "WAPostViewCellPhone-ImageStack.xib"; path = "wammer-iOS/WAPostViewCellPhone-ImageStack.xib"; sourceTree = "<group>"; };
		4B587BB313F4D7AE0084E671 /* WAComposeViewControllerPhone.h */ = {isa = PBXFileReference; fileEncoding = 4; lastKnownFileType = sourcecode.c.h; name = WAComposeViewControllerPhone.h; path = "wammer-iOS/WAComposeViewControllerPhone.h"; sourceTree = "<group>"; };
		4B587BB413F4D7AE0084E671 /* WAComposeViewControllerPhone.m */ = {isa = PBXFileReference; fileEncoding = 4; lastKnownFileType = sourcecode.c.objc; name = WAComposeViewControllerPhone.m; path = "wammer-iOS/WAComposeViewControllerPhone.m"; sourceTree = "<group>"; };
		4B587BB513F4D7AE0084E671 /* WAComposeViewControllerPhone.xib */ = {isa = PBXFileReference; fileEncoding = 4; lastKnownFileType = file.xib; name = WAComposeViewControllerPhone.xib; path = "wammer-iOS/WAComposeViewControllerPhone.xib"; sourceTree = "<group>"; };
		4B587BB613F4D7AE0084E671 /* WAPostViewControllerPhone.h */ = {isa = PBXFileReference; fileEncoding = 4; lastKnownFileType = sourcecode.c.h; name = WAPostViewControllerPhone.h; path = "wammer-iOS/WAPostViewControllerPhone.h"; sourceTree = "<group>"; };
		4B587BB713F4D7AE0084E671 /* WAPostViewControllerPhone.m */ = {isa = PBXFileReference; fileEncoding = 4; lastKnownFileType = sourcecode.c.objc; name = WAPostViewControllerPhone.m; path = "wammer-iOS/WAPostViewControllerPhone.m"; sourceTree = "<group>"; };
		4B86976813EA77FD0024125B /* WAUserSelectionViewController.h */ = {isa = PBXFileReference; fileEncoding = 4; lastKnownFileType = sourcecode.c.h; path = WAUserSelectionViewController.h; sourceTree = "<group>"; };
		4B86976913EA77FD0024125B /* WAUserSelectionViewController.m */ = {isa = PBXFileReference; fileEncoding = 4; lastKnownFileType = sourcecode.c.objc; path = WAUserSelectionViewController.m; sourceTree = "<group>"; };
		4BCA9E9F13FCE9DC00978CE9 /* WAPostViewCellPhone-Default.xib */ = {isa = PBXFileReference; fileEncoding = 4; lastKnownFileType = file.xib; name = "WAPostViewCellPhone-Default.xib"; path = "wammer-iOS/WAPostViewCellPhone-Default.xib"; sourceTree = "<group>"; };
		4BCA9EA013FCE9DC00978CE9 /* WAPostViewCellPhone.h */ = {isa = PBXFileReference; fileEncoding = 4; lastKnownFileType = sourcecode.c.h; name = WAPostViewCellPhone.h; path = "wammer-iOS/WAPostViewCellPhone.h"; sourceTree = "<group>"; };
		4BCA9EA113FCE9DC00978CE9 /* WAPostViewCellPhone.m */ = {isa = PBXFileReference; fileEncoding = 4; lastKnownFileType = sourcecode.c.objc; name = WAPostViewCellPhone.m; path = "wammer-iOS/WAPostViewCellPhone.m"; sourceTree = "<group>"; };
		FAE26ECA13E1435D00CB1E3A /* Icon.png */ = {isa = PBXFileReference; lastKnownFileType = image.png; name = Icon.png; path = Resources/Icon.png; sourceTree = "<group>"; };
		FF027C9B13F1304D009D979A /* WADefaultUserIcon.png */ = {isa = PBXFileReference; lastKnownFileType = image.png; name = WADefaultUserIcon.png; path = Resources/WADefaultUserIcon.png; sourceTree = "<group>"; };
		FF027CC113F13E03009D979A /* WAPatternGreenFibers.png */ = {isa = PBXFileReference; lastKnownFileType = image.png; name = WAPatternGreenFibers.png; path = Resources/WAPatternGreenFibers.png; sourceTree = "<group>"; };
		FF027CC313F1433B009D979A /* WAPatternPaper.png */ = {isa = PBXFileReference; lastKnownFileType = image.png; name = WAPatternPaper.png; path = Resources/WAPatternPaper.png; sourceTree = "<group>"; };
		FF03F5CE13D81B76007E168F /* WAModel.xcdatamodel */ = {isa = PBXFileReference; lastKnownFileType = wrapper.xcdatamodel; path = WAModel.xcdatamodel; sourceTree = "<group>"; };
		FF13870D13E94B6E00154B7D /* UIView+WAAdditions.h */ = {isa = PBXFileReference; fileEncoding = 4; lastKnownFileType = sourcecode.c.h; path = "UIView+WAAdditions.h"; sourceTree = "<group>"; };
		FF13870E13E94B6E00154B7D /* UIView+WAAdditions.m */ = {isa = PBXFileReference; fileEncoding = 4; lastKnownFileType = sourcecode.c.objc; path = "UIView+WAAdditions.m"; sourceTree = "<group>"; };
		FF13871013E94F0700154B7D /* WACompositionBarBackground.png */ = {isa = PBXFileReference; lastKnownFileType = image.png; name = WACompositionBarBackground.png; path = Resources/WACompositionBarBackground.png; sourceTree = "<group>"; };
		FF13871213E95C3900154B7D /* WACompositionTextWellBackground.png */ = {isa = PBXFileReference; lastKnownFileType = image.png; name = WACompositionTextWellBackground.png; path = Resources/WACompositionTextWellBackground.png; sourceTree = "<group>"; };
		FF13871413E95E0800154B7D /* WACompositionSendButtonBackground.png */ = {isa = PBXFileReference; lastKnownFileType = image.png; name = WACompositionSendButtonBackground.png; path = Resources/WACompositionSendButtonBackground.png; sourceTree = "<group>"; };
		FF164975140CC19900CAE824 /* WAAuthenticationRequestViewController.h */ = {isa = PBXFileReference; fileEncoding = 4; lastKnownFileType = sourcecode.c.h; name = WAAuthenticationRequestViewController.h; path = "wammer-iOS/WAAuthenticationRequestViewController.h"; sourceTree = "<group>"; };
		FF164976140CC19900CAE824 /* WAAuthenticationRequestViewController.m */ = {isa = PBXFileReference; fileEncoding = 4; lastKnownFileType = sourcecode.c.objc; name = WAAuthenticationRequestViewController.m; path = "wammer-iOS/WAAuthenticationRequestViewController.m"; sourceTree = "<group>"; };
		FF21C8D113E14B4E009B980D /* MobileCoreServices.framework */ = {isa = PBXFileReference; lastKnownFileType = wrapper.framework; name = MobileCoreServices.framework; path = System/Library/Frameworks/MobileCoreServices.framework; sourceTree = SDKROOT; };
		FF21C8D213E14CF9009B980D /* IPSample */ = {isa = PBXFileReference; lastKnownFileType = folder; name = IPSample; path = Resources/IPSample; sourceTree = "<group>"; };
		FF24072B13F27F4A000B2CAA /* WAPatternCarbonFibre.png */ = {isa = PBXFileReference; lastKnownFileType = image.png; name = WAPatternCarbonFibre.png; path = Resources/WAPatternCarbonFibre.png; sourceTree = "<group>"; };
		FF24072D13F2881E000B2CAA /* WAViewController.h */ = {isa = PBXFileReference; fileEncoding = 4; lastKnownFileType = sourcecode.c.h; path = WAViewController.h; sourceTree = "<group>"; };
		FF24072E13F2881E000B2CAA /* WAViewController.m */ = {isa = PBXFileReference; fileEncoding = 4; lastKnownFileType = sourcecode.c.objc; path = WAViewController.m; sourceTree = "<group>"; };
		FF269E5813D84A420085E20A /* WAPaginationSlider.h */ = {isa = PBXFileReference; fileEncoding = 4; lastKnownFileType = sourcecode.c.h; path = WAPaginationSlider.h; sourceTree = "<group>"; };
		FF269E5913D84A420085E20A /* WAPaginationSlider.m */ = {isa = PBXFileReference; fileEncoding = 4; lastKnownFileType = sourcecode.c.objc; path = WAPaginationSlider.m; sourceTree = "<group>"; };
		FF3ACA8E13E6ACFB000F608C /* WAView.h */ = {isa = PBXFileReference; fileEncoding = 4; lastKnownFileType = sourcecode.c.h; path = WAView.h; sourceTree = "<group>"; };
		FF3ACA8F13E6ACFB000F608C /* WAView.m */ = {isa = PBXFileReference; fileEncoding = 4; lastKnownFileType = sourcecode.c.objc; path = WAView.m; sourceTree = "<group>"; };
		FF42567C1414DFA0005A12ED /* WAOverlayBezel-Checkmark.png */ = {isa = PBXFileReference; lastKnownFileType = image.png; name = "WAOverlayBezel-Checkmark.png"; path = "Resources/WAOverlayBezel-Checkmark.png"; sourceTree = "<group>"; };
		FF42567D1414DFA0005A12ED /* WAOverlayBezel-Error.png */ = {isa = PBXFileReference; lastKnownFileType = image.png; name = "WAOverlayBezel-Error.png"; path = "Resources/WAOverlayBezel-Error.png"; sourceTree = "<group>"; };
		FF4FA00813E114F3002C627F /* WAArticleViewController.h */ = {isa = PBXFileReference; fileEncoding = 4; lastKnownFileType = sourcecode.c.h; path = WAArticleViewController.h; sourceTree = "<group>"; };
		FF4FA00913E114F3002C627F /* WAArticleViewController.m */ = {isa = PBXFileReference; fileEncoding = 4; lastKnownFileType = sourcecode.c.objc; path = WAArticleViewController.m; sourceTree = "<group>"; };
		FF4FA01113E13249002C627F /* WAArticleViewController-Default.xib */ = {isa = PBXFileReference; fileEncoding = 4; lastKnownFileType = file.xib; name = "WAArticleViewController-Default.xib"; path = "Resources/WAArticleViewController-Default.xib"; sourceTree = "<group>"; };
		FF4FA01313E136A0002C627F /* WACapsuleLeft.png */ = {isa = PBXFileReference; lastKnownFileType = image.png; name = WACapsuleLeft.png; path = Resources/WACapsuleLeft.png; sourceTree = "<group>"; };
		FF4FA01413E136A0002C627F /* WACapsuleRight.png */ = {isa = PBXFileReference; lastKnownFileType = image.png; name = WACapsuleRight.png; path = Resources/WACapsuleRight.png; sourceTree = "<group>"; };
		FF4FA01513E136A0002C627F /* WACapsuleSingle.png */ = {isa = PBXFileReference; lastKnownFileType = image.png; name = WACapsuleSingle.png; path = Resources/WACapsuleSingle.png; sourceTree = "<group>"; };
		FF4FA01913E13D43002C627F /* WAImageStackView.h */ = {isa = PBXFileReference; fileEncoding = 4; lastKnownFileType = sourcecode.c.h; path = WAImageStackView.h; sourceTree = "<group>"; };
		FF4FA01A13E13D44002C627F /* WAImageStackView.m */ = {isa = PBXFileReference; fileEncoding = 4; lastKnownFileType = sourcecode.c.objc; path = WAImageStackView.m; sourceTree = "<group>"; };
		FF55C23613F5256B00F38861 /* WAArticleCommentsViewCell.h */ = {isa = PBXFileReference; fileEncoding = 4; lastKnownFileType = sourcecode.c.h; path = WAArticleCommentsViewCell.h; sourceTree = "<group>"; };
		FF55C23713F5256B00F38861 /* WAArticleCommentsViewCell.m */ = {isa = PBXFileReference; fileEncoding = 4; lastKnownFileType = sourcecode.c.objc; path = WAArticleCommentsViewCell.m; sourceTree = "<group>"; };
		FF55C23913F5270500F38861 /* WAArticleCommentsViewCell-Default.xib */ = {isa = PBXFileReference; fileEncoding = 4; lastKnownFileType = file.xib; path = "WAArticleCommentsViewCell-Default.xib"; sourceTree = "<group>"; };
		FF5B83B2140F935500A9D037 /* WADiscretePaginatedArticlesViewController.xib */ = {isa = PBXFileReference; fileEncoding = 4; lastKnownFileType = file.xib; path = WADiscretePaginatedArticlesViewController.xib; sourceTree = "<group>"; };
		FF615EAC13EBBF98004A2CA6 /* PLEmptyCameraRoll-Large~ipad.png */ = {isa = PBXFileReference; lastKnownFileType = image.png; name = "PLEmptyCameraRoll-Large~ipad.png"; path = "Resources/PLEmptyCameraRoll-Large~ipad.png"; sourceTree = "<group>"; };
		FF615EAE13EBC05C004A2CA6 /* PLEmptyPhotoAlbum-Large~ipad.png */ = {isa = PBXFileReference; lastKnownFileType = image.png; name = "PLEmptyPhotoAlbum-Large~ipad.png"; path = "Resources/PLEmptyPhotoAlbum-Large~ipad.png"; sourceTree = "<group>"; };
		FF666C23140CD2B200C35CED /* IRKeychain.xcodeproj */ = {isa = PBXFileReference; lastKnownFileType = "wrapper.pb-project"; name = IRKeychain.xcodeproj; path = external/IRKeychain/IRKeychain.xcodeproj; sourceTree = "<group>"; };
		FF666C2F140CD31C00C35CED /* Security.framework */ = {isa = PBXFileReference; lastKnownFileType = wrapper.framework; name = Security.framework; path = System/Library/Frameworks/Security.framework; sourceTree = SDKROOT; };
		FF6FFCC313F86445000C582D /* WAGalleryViewController.h */ = {isa = PBXFileReference; fileEncoding = 4; lastKnownFileType = sourcecode.c.h; name = WAGalleryViewController.h; path = "wammer-iOS/WAGalleryViewController.h"; sourceTree = "<group>"; };
		FF6FFCC413F86445000C582D /* WAGalleryViewController.m */ = {isa = PBXFileReference; fileEncoding = 4; lastKnownFileType = sourcecode.c.objc; name = WAGalleryViewController.m; path = "wammer-iOS/WAGalleryViewController.m"; sourceTree = "<group>"; };
		FF71D3F7140E0A0C0069B161 /* WAArticlesViewController.h */ = {isa = PBXFileReference; fileEncoding = 4; lastKnownFileType = sourcecode.c.h; name = WAArticlesViewController.h; path = "wammer-iOS/WAArticlesViewController.h"; sourceTree = "<group>"; };
		FF71D3F8140E0A0C0069B161 /* WAArticlesViewController.m */ = {isa = PBXFileReference; fileEncoding = 4; lastKnownFileType = sourcecode.c.objc; name = WAArticlesViewController.m; path = "wammer-iOS/WAArticlesViewController.m"; sourceTree = "<group>"; };
		FF73A53E13D6C2CC00D54EC6 /* wammer2.app */ = {isa = PBXFileReference; explicitFileType = wrapper.application; includeInIndex = 0; path = wammer2.app; sourceTree = BUILT_PRODUCTS_DIR; };
		FF73A54213D6C2CC00D54EC6 /* UIKit.framework */ = {isa = PBXFileReference; lastKnownFileType = wrapper.framework; name = UIKit.framework; path = System/Library/Frameworks/UIKit.framework; sourceTree = SDKROOT; };
		FF73A54413D6C2CC00D54EC6 /* Foundation.framework */ = {isa = PBXFileReference; lastKnownFileType = wrapper.framework; name = Foundation.framework; path = System/Library/Frameworks/Foundation.framework; sourceTree = SDKROOT; };
		FF73A54613D6C2CC00D54EC6 /* CoreGraphics.framework */ = {isa = PBXFileReference; lastKnownFileType = wrapper.framework; name = CoreGraphics.framework; path = System/Library/Frameworks/CoreGraphics.framework; sourceTree = SDKROOT; };
		FF73A54A13D6C2CD00D54EC6 /* wammer-iOS-Info.plist */ = {isa = PBXFileReference; lastKnownFileType = text.plist.xml; path = "wammer-iOS-Info.plist"; sourceTree = "<group>"; };
		FF73A54C13D6C2CD00D54EC6 /* en */ = {isa = PBXFileReference; lastKnownFileType = text.plist.strings; name = en; path = en.lproj/InfoPlist.strings; sourceTree = "<group>"; };
		FF73A54E13D6C2CD00D54EC6 /* main.m */ = {isa = PBXFileReference; lastKnownFileType = sourcecode.c.objc; path = main.m; sourceTree = "<group>"; };
		FF73A55013D6C2CD00D54EC6 /* wammer-iOS-Prefix.pch */ = {isa = PBXFileReference; lastKnownFileType = sourcecode.c.h; path = "wammer-iOS-Prefix.pch"; sourceTree = "<group>"; };
		FF73A55113D6C2CD00D54EC6 /* WAAppDelegate.h */ = {isa = PBXFileReference; lastKnownFileType = sourcecode.c.h; name = WAAppDelegate.h; path = "wammer-iOS/WAAppDelegate.h"; sourceTree = "<group>"; };
		FF73A55213D6C2CD00D54EC6 /* WAAppDelegate.m */ = {isa = PBXFileReference; lastKnownFileType = sourcecode.c.objc; name = WAAppDelegate.m; path = "wammer-iOS/WAAppDelegate.m"; sourceTree = "<group>"; };
		FF73A56A13D6CD2200D54EC6 /* WAPaginatedArticlesViewController.h */ = {isa = PBXFileReference; fileEncoding = 4; lastKnownFileType = sourcecode.c.h; path = WAPaginatedArticlesViewController.h; sourceTree = "<group>"; };
		FF73A56B13D6CD2200D54EC6 /* WAPaginatedArticlesViewController.m */ = {isa = PBXFileReference; fileEncoding = 4; lastKnownFileType = sourcecode.c.objc; path = WAPaginatedArticlesViewController.m; sourceTree = "<group>"; };
		FF73A56D13D6CD4100D54EC6 /* WACompositionViewController.h */ = {isa = PBXFileReference; fileEncoding = 4; lastKnownFileType = sourcecode.c.h; path = WACompositionViewController.h; sourceTree = "<group>"; };
		FF73A56E13D6CD4100D54EC6 /* WACompositionViewController.m */ = {isa = PBXFileReference; fileEncoding = 4; lastKnownFileType = sourcecode.c.objc; path = WACompositionViewController.m; sourceTree = "<group>"; };
		FF73A59513D6DC6500D54EC6 /* IRFoundations.xcodeproj */ = {isa = PBXFileReference; lastKnownFileType = "wrapper.pb-project"; name = IRFoundations.xcodeproj; path = external/IRFoundations/IRFoundations/IRFoundations.xcodeproj; sourceTree = "<group>"; };
		FF73A59E13D6DC6A00D54EC6 /* IRWebAPIKit.xcodeproj */ = {isa = PBXFileReference; lastKnownFileType = "wrapper.pb-project"; name = IRWebAPIKit.xcodeproj; path = external/IRWebAPIKit/IRWebAPIKit.xcodeproj; sourceTree = "<group>"; };
		FF73A5B413D6DC8000D54EC6 /* AQGridView.xcodeproj */ = {isa = PBXFileReference; lastKnownFileType = "wrapper.pb-project"; name = AQGridView.xcodeproj; path = external/AQGridView/AQGridView.xcodeproj; sourceTree = "<group>"; };
		FF73A5BA13D6DCA400D54EC6 /* MGSplitCornersView.h */ = {isa = PBXFileReference; fileEncoding = 4; lastKnownFileType = sourcecode.c.h; name = MGSplitCornersView.h; path = external/MGSplitViewController/Classes/MGSplitCornersView.h; sourceTree = "<group>"; };
		FF73A5BB13D6DCA400D54EC6 /* MGSplitCornersView.m */ = {isa = PBXFileReference; fileEncoding = 4; lastKnownFileType = sourcecode.c.objc; name = MGSplitCornersView.m; path = external/MGSplitViewController/Classes/MGSplitCornersView.m; sourceTree = "<group>"; };
		FF73A5BC13D6DCA400D54EC6 /* MGSplitDividerView.h */ = {isa = PBXFileReference; fileEncoding = 4; lastKnownFileType = sourcecode.c.h; name = MGSplitDividerView.h; path = external/MGSplitViewController/Classes/MGSplitDividerView.h; sourceTree = "<group>"; };
		FF73A5BD13D6DCA400D54EC6 /* MGSplitDividerView.m */ = {isa = PBXFileReference; fileEncoding = 4; lastKnownFileType = sourcecode.c.objc; name = MGSplitDividerView.m; path = external/MGSplitViewController/Classes/MGSplitDividerView.m; sourceTree = "<group>"; };
		FF73A5BE13D6DCA400D54EC6 /* MGSplitViewController.h */ = {isa = PBXFileReference; fileEncoding = 4; lastKnownFileType = sourcecode.c.h; name = MGSplitViewController.h; path = external/MGSplitViewController/Classes/MGSplitViewController.h; sourceTree = "<group>"; };
		FF73A5BF13D6DCA400D54EC6 /* MGSplitViewController.m */ = {isa = PBXFileReference; fileEncoding = 4; lastKnownFileType = sourcecode.c.objc; name = MGSplitViewController.m; path = external/MGSplitViewController/Classes/MGSplitViewController.m; sourceTree = "<group>"; };
		FF73A60013D6DDF800D54EC6 /* libxml2.2.7.3.dylib */ = {isa = PBXFileReference; lastKnownFileType = "compiled.mach-o.dylib"; name = libxml2.2.7.3.dylib; path = usr/lib/libxml2.2.7.3.dylib; sourceTree = SDKROOT; };
		FF73A69513D6E07D00D54EC6 /* MobileCoreServices.framework */ = {isa = PBXFileReference; lastKnownFileType = wrapper.framework; name = MobileCoreServices.framework; path = System/Library/Frameworks/MobileCoreServices.framework; sourceTree = SDKROOT; };
		FF73A69713D6E08100D54EC6 /* CoreData.framework */ = {isa = PBXFileReference; lastKnownFileType = wrapper.framework; name = CoreData.framework; path = System/Library/Frameworks/CoreData.framework; sourceTree = SDKROOT; };
		FF73A69913D6E08800D54EC6 /* QuartzCore.framework */ = {isa = PBXFileReference; lastKnownFileType = wrapper.framework; name = QuartzCore.framework; path = System/Library/Frameworks/QuartzCore.framework; sourceTree = SDKROOT; };
		FF7D466614024FD800C916F5 /* WAImageStreamPickerView.h */ = {isa = PBXFileReference; fileEncoding = 4; lastKnownFileType = sourcecode.c.h; path = WAImageStreamPickerView.h; sourceTree = "<group>"; };
		FF7D466714024FD800C916F5 /* WAImageStreamPickerView.m */ = {isa = PBXFileReference; fileEncoding = 4; lastKnownFileType = sourcecode.c.objc; path = WAImageStreamPickerView.m; sourceTree = "<group>"; };
		FF878BBC13FA6F8700B76807 /* WASpeechBubble.png */ = {isa = PBXFileReference; lastKnownFileType = image.png; name = WASpeechBubble.png; path = Resources/WASpeechBubble.png; sourceTree = "<group>"; };
		FF878C0613FA730100B76807 /* WAGalleryImageView.h */ = {isa = PBXFileReference; fileEncoding = 4; lastKnownFileType = sourcecode.c.h; name = WAGalleryImageView.h; path = "wammer-iOS/WAGalleryImageView.h"; sourceTree = "<group>"; };
		FF878C0713FA730100B76807 /* WAGalleryImageView.m */ = {isa = PBXFileReference; fileEncoding = 4; lastKnownFileType = sourcecode.c.objc; name = WAGalleryImageView.m; path = "wammer-iOS/WAGalleryImageView.m"; sourceTree = "<group>"; };
		FF8CDE8313F3DAB700E08F28 /* WACompositionViewPhotoCell.h */ = {isa = PBXFileReference; fileEncoding = 4; lastKnownFileType = sourcecode.c.h; path = WACompositionViewPhotoCell.h; sourceTree = "<group>"; };
		FF8CDE8413F3DAB700E08F28 /* WACompositionViewPhotoCell.m */ = {isa = PBXFileReference; fileEncoding = 4; lastKnownFileType = sourcecode.c.objc; path = WACompositionViewPhotoCell.m; sourceTree = "<group>"; };
		FF8CDE8613F3DFBB00E08F28 /* WAButtonSpringBoardRemove.png */ = {isa = PBXFileReference; lastKnownFileType = image.png; name = WAButtonSpringBoardRemove.png; path = Resources/WAButtonSpringBoardRemove.png; sourceTree = "<group>"; };
		FF92796214079593007BEB65 /* WATableViewCell.h */ = {isa = PBXFileReference; fileEncoding = 4; lastKnownFileType = sourcecode.c.h; name = WATableViewCell.h; path = "wammer-iOS/WATableViewCell.h"; sourceTree = "<group>"; };
		FF92796314079593007BEB65 /* WATableViewCell.m */ = {isa = PBXFileReference; fileEncoding = 4; lastKnownFileType = sourcecode.c.objc; name = WATableViewCell.m; path = "wammer-iOS/WATableViewCell.m"; sourceTree = "<group>"; };
		FF97382313D821DF003D1722 /* WADataStore.h */ = {isa = PBXFileReference; fileEncoding = 4; lastKnownFileType = sourcecode.c.h; path = WADataStore.h; sourceTree = "<group>"; };
		FF97382413D821DF003D1722 /* WADataStore.m */ = {isa = PBXFileReference; fileEncoding = 4; lastKnownFileType = sourcecode.c.objc; path = WADataStore.m; sourceTree = "<group>"; };
		FF97384713D8278E003D1722 /* WARemoteInterface.h */ = {isa = PBXFileReference; fileEncoding = 4; lastKnownFileType = sourcecode.c.h; path = WARemoteInterface.h; sourceTree = "<group>"; };
		FF97384813D8278E003D1722 /* WARemoteInterface.m */ = {isa = PBXFileReference; fileEncoding = 4; lastKnownFileType = sourcecode.c.objc; path = WARemoteInterface.m; sourceTree = "<group>"; };
		FF97385F13D82B4F003D1722 /* JSONKit.h */ = {isa = PBXFileReference; fileEncoding = 4; lastKnownFileType = sourcecode.c.h; name = JSONKit.h; path = external/JSONKit/JSONKit.h; sourceTree = "<group>"; };
		FF97386013D82B4F003D1722 /* JSONKit.m */ = {isa = PBXFileReference; fileEncoding = 4; lastKnownFileType = sourcecode.c.objc; name = JSONKit.m; path = external/JSONKit/JSONKit.m; sourceTree = "<group>"; };
		FF9A17B713FA5371009E4CC4 /* WAArticleTextEmphasisLabel.h */ = {isa = PBXFileReference; fileEncoding = 4; lastKnownFileType = sourcecode.c.h; path = WAArticleTextEmphasisLabel.h; sourceTree = "<group>"; };
		FF9A17B813FA5371009E4CC4 /* WAArticleTextEmphasisLabel.m */ = {isa = PBXFileReference; fileEncoding = 4; lastKnownFileType = sourcecode.c.objc; path = WAArticleTextEmphasisLabel.m; sourceTree = "<group>"; };
		FF9DA0BD13DFF6BC00D6B28B /* WAMockArticlesList.json */ = {isa = PBXFileReference; fileEncoding = 4; lastKnownFileType = text.json; name = WAMockArticlesList.json; path = Resources/WAMockArticlesList.json; sourceTree = "<group>"; };
		FF9DA0BF13DFF88F00D6B28B /* WAUser.h */ = {isa = PBXFileReference; fileEncoding = 4; lastKnownFileType = sourcecode.c.h; path = WAUser.h; sourceTree = "<group>"; };
		FF9DA0C013DFF88F00D6B28B /* WAUser.m */ = {isa = PBXFileReference; fileEncoding = 4; lastKnownFileType = sourcecode.c.objc; path = WAUser.m; sourceTree = "<group>"; };
		FF9DA0C213DFF89000D6B28B /* WAArticle.h */ = {isa = PBXFileReference; fileEncoding = 4; lastKnownFileType = sourcecode.c.h; path = WAArticle.h; sourceTree = "<group>"; };
		FF9DA0C313DFF89000D6B28B /* WAArticle.m */ = {isa = PBXFileReference; fileEncoding = 4; lastKnownFileType = sourcecode.c.objc; path = WAArticle.m; sourceTree = "<group>"; };
		FF9DA0C513DFF89000D6B28B /* WAComment.h */ = {isa = PBXFileReference; fileEncoding = 4; lastKnownFileType = sourcecode.c.h; path = WAComment.h; sourceTree = "<group>"; };
		FF9DA0C613DFF89000D6B28B /* WAComment.m */ = {isa = PBXFileReference; fileEncoding = 4; lastKnownFileType = sourcecode.c.objc; path = WAComment.m; sourceTree = "<group>"; };
		FF9DA0C813DFF89000D6B28B /* WAFile.h */ = {isa = PBXFileReference; fileEncoding = 4; lastKnownFileType = sourcecode.c.h; path = WAFile.h; sourceTree = "<group>"; };
		FF9DA0C913DFF89000D6B28B /* WAFile.m */ = {isa = PBXFileReference; fileEncoding = 4; lastKnownFileType = sourcecode.c.objc; path = WAFile.m; sourceTree = "<group>"; };
		FFA5CD67140CEB8400875256 /* WAApplicationRootViewControllerDelegate.h */ = {isa = PBXFileReference; fileEncoding = 4; lastKnownFileType = sourcecode.c.h; name = WAApplicationRootViewControllerDelegate.h; path = "wammer-iOS/WAApplicationRootViewControllerDelegate.h"; sourceTree = "<group>"; };
		FFA67D5213EBD35C00159B6E /* WAPhotoQueueBackground.png */ = {isa = PBXFileReference; lastKnownFileType = image.png; name = WAPhotoQueueBackground.png; path = Resources/WAPhotoQueueBackground.png; sourceTree = "<group>"; };
		FFAA7B72140773F9006F88DC /* WAAttachedMediaListViewController.h */ = {isa = PBXFileReference; fileEncoding = 4; lastKnownFileType = sourcecode.c.h; name = WAAttachedMediaListViewController.h; path = "wammer-iOS/WAAttachedMediaListViewController.h"; sourceTree = "<group>"; };
		FFAA7B73140773F9006F88DC /* WAAttachedMediaListViewController.m */ = {isa = PBXFileReference; fileEncoding = 4; lastKnownFileType = sourcecode.c.objc; name = WAAttachedMediaListViewController.m; path = "wammer-iOS/WAAttachedMediaListViewController.m"; sourceTree = "<group>"; };
		FFBA66DF140E0E4300BE5A1D /* WADiscretePaginatedArticlesViewController.h */ = {isa = PBXFileReference; fileEncoding = 4; lastKnownFileType = sourcecode.c.h; path = WADiscretePaginatedArticlesViewController.h; sourceTree = "<group>"; };
		FFBA66E0140E0E4300BE5A1D /* WADiscretePaginatedArticlesViewController.m */ = {isa = PBXFileReference; fileEncoding = 4; lastKnownFileType = sourcecode.c.objc; path = WADiscretePaginatedArticlesViewController.m; sourceTree = "<group>"; };
		FFBA66E2140E12AD00BE5A1D /* IRDiscreteLayoutManager.xcodeproj */ = {isa = PBXFileReference; lastKnownFileType = "wrapper.pb-project"; name = IRDiscreteLayoutManager.xcodeproj; path = external/IRDiscreteLayoutManager/IRDiscreteLayoutManager.xcodeproj; sourceTree = "<group>"; };
		FFBD444713FDA6E000F535D2 /* WAArticleViewController-Plaintext.xib */ = {isa = PBXFileReference; fileEncoding = 4; lastKnownFileType = file.xib; name = "WAArticleViewController-Plaintext.xib"; path = "Resources/WAArticleViewController-Plaintext.xib"; sourceTree = "<group>"; };
		FFC2E04D13DD708300816EA1 /* Icon-72.png */ = {isa = PBXFileReference; lastKnownFileType = image.png; name = "Icon-72.png"; path = "Resources/Icon-72.png"; sourceTree = "<group>"; };
		FFC813B713EB8BA1007B0683 /* PLCameraButtonIcon.png */ = {isa = PBXFileReference; lastKnownFileType = image.png; name = PLCameraButtonIcon.png; path = Resources/PLCameraButtonIcon.png; sourceTree = "<group>"; };
		FFC813C213EB8F7E007B0683 /* AssetsLibrary.framework */ = {isa = PBXFileReference; lastKnownFileType = wrapper.framework; name = AssetsLibrary.framework; path = System/Library/Frameworks/AssetsLibrary.framework; sourceTree = SDKROOT; };
		FFF1F60013EFDF9600D3997C /* WAMockUsersList.json */ = {isa = PBXFileReference; fileEncoding = 4; lastKnownFileType = text.json; name = WAMockUsersList.json; path = Resources/WAMockUsersList.json; sourceTree = "<group>"; };
		FFF4EAC71410EFE2007F444B /* WAOverlayBezel.h */ = {isa = PBXFileReference; fileEncoding = 4; lastKnownFileType = sourcecode.c.h; name = WAOverlayBezel.h; path = "wammer-iOS/WAOverlayBezel.h"; sourceTree = "<group>"; };
		FFF4EAC81410EFE2007F444B /* WAOverlayBezel.m */ = {isa = PBXFileReference; fileEncoding = 4; lastKnownFileType = sourcecode.c.objc; name = WAOverlayBezel.m; path = "wammer-iOS/WAOverlayBezel.m"; sourceTree = "<group>"; };
		FFF9B79C13E7D0D5002A9D7F /* WAArticleCommentsViewController.h */ = {isa = PBXFileReference; fileEncoding = 4; lastKnownFileType = sourcecode.c.h; path = WAArticleCommentsViewController.h; sourceTree = "<group>"; };
		FFF9B79D13E7D0D5002A9D7F /* WAArticleCommentsViewController.m */ = {isa = PBXFileReference; fileEncoding = 4; lastKnownFileType = sourcecode.c.objc; path = WAArticleCommentsViewController.m; sourceTree = "<group>"; };
		FFF9B79F13E7D8E5002A9D7F /* WACapsuleLeftPressed.png */ = {isa = PBXFileReference; lastKnownFileType = image.png; name = WACapsuleLeftPressed.png; path = Resources/WACapsuleLeftPressed.png; sourceTree = "<group>"; };
		FFF9B7A013E7D8E5002A9D7F /* WACapsuleRightPressed.png */ = {isa = PBXFileReference; lastKnownFileType = image.png; name = WACapsuleRightPressed.png; path = Resources/WACapsuleRightPressed.png; sourceTree = "<group>"; };
		FFF9B7A113E7D8E5002A9D7F /* WACapsuleSinglePressed.png */ = {isa = PBXFileReference; lastKnownFileType = image.png; name = WACapsuleSinglePressed.png; path = Resources/WACapsuleSinglePressed.png; sourceTree = "<group>"; };
		FFF9B7A213E7D8E5002A9D7F /* WAReply.png */ = {isa = PBXFileReference; lastKnownFileType = image.png; name = WAReply.png; path = Resources/WAReply.png; sourceTree = "<group>"; };
		FFF9B7A313E7D8E5002A9D7F /* WATinyArrowDown.png */ = {isa = PBXFileReference; lastKnownFileType = image.png; name = WATinyArrowDown.png; path = Resources/WATinyArrowDown.png; sourceTree = "<group>"; };
		FFF9B7A413E7D8E5002A9D7F /* WATinyArrowUp.png */ = {isa = PBXFileReference; lastKnownFileType = image.png; name = WATinyArrowUp.png; path = Resources/WATinyArrowUp.png; sourceTree = "<group>"; };
		FFF9B7AD13E7DFFE002A9D7F /* WAArticleCommentsViewController.xib */ = {isa = PBXFileReference; fileEncoding = 4; lastKnownFileType = file.xib; path = WAArticleCommentsViewController.xib; sourceTree = "<group>"; };
		FFFFD9DA13EAABDB000E3D2D /* WACompositionViewController.xib */ = {isa = PBXFileReference; fileEncoding = 4; lastKnownFileType = file.xib; path = WACompositionViewController.xib; sourceTree = "<group>"; };
/* End PBXFileReference section */

/* Begin PBXFrameworksBuildPhase section */
		FF73A53B13D6C2CC00D54EC6 /* Frameworks */ = {
			isa = PBXFrameworksBuildPhase;
			buildActionMask = 2147483647;
			files = (
				FF666C30140CD31D00C35CED /* Security.framework in Frameworks */,
				FFC813C313EB8F7E007B0683 /* AssetsLibrary.framework in Frameworks */,
				FF73A69613D6E07D00D54EC6 /* MobileCoreServices.framework in Frameworks */,
				FF73A54513D6C2CC00D54EC6 /* Foundation.framework in Frameworks */,
				FF73A54313D6C2CC00D54EC6 /* UIKit.framework in Frameworks */,
				FF73A54713D6C2CC00D54EC6 /* CoreGraphics.framework in Frameworks */,
				FF73A69A13D6E08800D54EC6 /* QuartzCore.framework in Frameworks */,
				FF73A69813D6E08100D54EC6 /* CoreData.framework in Frameworks */,
				FF73A5FD13D6DDF300D54EC6 /* libAQGridView.a in Frameworks */,
				FF73A5FE13D6DDF300D54EC6 /* libIRFoundationsTouch.a in Frameworks */,
				FF73A5FF13D6DDF300D54EC6 /* libIRWebAPIKit.a in Frameworks */,
				FF666C7B140CD79300C35CED /* libIRKeychain.a in Frameworks */,
				FFBA66F0140E12BC00BE5A1D /* libIRDiscreteLayoutManager.a in Frameworks */,
				FF73A60113D6DDF800D54EC6 /* libxml2.2.7.3.dylib in Frameworks */,
			);
			runOnlyForDeploymentPostprocessing = 0;
		};
/* End PBXFrameworksBuildPhase section */

/* Begin PBXGroup section */
		4B1527A313E29E8D006E9737 /* iPhone */ = {
			isa = PBXGroup;
			children = (
				4B1527A013E29E72006E9737 /* WAPostsViewControllerPhone.h */,
				4B1527A113E29E72006E9737 /* WAPostsViewControllerPhone.m */,
				4B587BB613F4D7AE0084E671 /* WAPostViewControllerPhone.h */,
				4B587BB713F4D7AE0084E671 /* WAPostViewControllerPhone.m */,
				4BCA9EA013FCE9DC00978CE9 /* WAPostViewCellPhone.h */,
				4BCA9EA113FCE9DC00978CE9 /* WAPostViewCellPhone.m */,
				4BCA9E9F13FCE9DC00978CE9 /* WAPostViewCellPhone-Default.xib */,
				4B225D181404F63900F9A1CE /* WAPostViewCellPhone-ImageStack.xib */,
				4B587BB313F4D7AE0084E671 /* WAComposeViewControllerPhone.h */,
				4B587BB413F4D7AE0084E671 /* WAComposeViewControllerPhone.m */,
				4B587BB513F4D7AE0084E671 /* WAComposeViewControllerPhone.xib */,
				FF92796214079593007BEB65 /* WATableViewCell.h */,
				FF92796314079593007BEB65 /* WATableViewCell.m */,
			);
			name = iPhone;
			sourceTree = "<group>";
		};
		FF3ACA9113E6AD1C000F608C /* Views */ = {
			isa = PBXGroup;
			children = (
				FF13870D13E94B6E00154B7D /* UIView+WAAdditions.h */,
				FF13870E13E94B6E00154B7D /* UIView+WAAdditions.m */,
				FF3ACA8E13E6ACFB000F608C /* WAView.h */,
				FF3ACA8F13E6ACFB000F608C /* WAView.m */,
				FF24072D13F2881E000B2CAA /* WAViewController.h */,
				FF24072E13F2881E000B2CAA /* WAViewController.m */,
				FF4FA01913E13D43002C627F /* WAImageStackView.h */,
				FF4FA01A13E13D44002C627F /* WAImageStackView.m */,
				FF7D466614024FD800C916F5 /* WAImageStreamPickerView.h */,
				FF7D466714024FD800C916F5 /* WAImageStreamPickerView.m */,
				FF269E5813D84A420085E20A /* WAPaginationSlider.h */,
				FF269E5913D84A420085E20A /* WAPaginationSlider.m */,
			);
			name = Views;
			path = "wammer-iOS";
			sourceTree = "<group>";
		};
		FF55C23513F5251D00F38861 /* Gallery */ = {
			isa = PBXGroup;
			children = (
				FF878C0613FA730100B76807 /* WAGalleryImageView.h */,
				FF878C0713FA730100B76807 /* WAGalleryImageView.m */,
				FF6FFCC313F86445000C582D /* WAGalleryViewController.h */,
				FF6FFCC413F86445000C582D /* WAGalleryViewController.m */,
			);
			name = Gallery;
			sourceTree = "<group>";
		};
		FF666C24140CD2B200C35CED /* Products */ = {
			isa = PBXGroup;
			children = (
				FF666C2B140CD2B200C35CED /* libIRKeychain.a */,
			);
			name = Products;
			sourceTree = "<group>";
		};
		FF71D3F3140E09EF0069B161 /* Base Articles View */ = {
			isa = PBXGroup;
			children = (
				FF71D3F7140E0A0C0069B161 /* WAArticlesViewController.h */,
				FF71D3F8140E0A0C0069B161 /* WAArticlesViewController.m */,
				FFF4EAC71410EFE2007F444B /* WAOverlayBezel.h */,
				FFF4EAC81410EFE2007F444B /* WAOverlayBezel.m */,
			);
			name = "Base Articles View";
			sourceTree = "<group>";
		};
		FF73A53313D6C2CC00D54EC6 = {
			isa = PBXGroup;
			children = (
				FF73A55113D6C2CD00D54EC6 /* WAAppDelegate.h */,
				FF73A55213D6C2CD00D54EC6 /* WAAppDelegate.m */,
				FFA5CD67140CEB8400875256 /* WAApplicationRootViewControllerDelegate.h */,
				FF71D3F3140E09EF0069B161 /* Base Articles View */,
				FF73A54813D6C2CC00D54EC6 /* iPad */,
				4B1527A313E29E8D006E9737 /* iPhone */,
				FF164975140CC19900CAE824 /* WAAuthenticationRequestViewController.h */,
				FF164976140CC19900CAE824 /* WAAuthenticationRequestViewController.m */,
				FF55C23513F5251D00F38861 /* Gallery */,
				FFA9512714077BE800BD3302 /* Attached Media */,
				FF3ACA9113E6AD1C000F608C /* Views */,
				FF97382213D821C1003D1722 /* Model */,
				FF97384613D82771003D1722 /* API */,
				FF73A54913D6C2CD00D54EC6 /* Supporting Files */,
				FFC2E04C13DD706600816EA1 /* Resources */,
				FF73A54113D6C2CC00D54EC6 /* Frameworks */,
				FF73A53F13D6C2CC00D54EC6 /* Products */,
			);
			sourceTree = "<group>";
		};
		FF73A53F13D6C2CC00D54EC6 /* Products */ = {
			isa = PBXGroup;
			children = (
				FF73A53E13D6C2CC00D54EC6 /* wammer2.app */,
			);
			name = Products;
			sourceTree = "<group>";
		};
		FF73A54113D6C2CC00D54EC6 /* Frameworks */ = {
			isa = PBXGroup;
			children = (
				FF21C8D113E14B4E009B980D /* MobileCoreServices.framework */,
				FF73A54213D6C2CC00D54EC6 /* UIKit.framework */,
				FF73A54413D6C2CC00D54EC6 /* Foundation.framework */,
				FF73A54613D6C2CC00D54EC6 /* CoreGraphics.framework */,
				FF73A69913D6E08800D54EC6 /* QuartzCore.framework */,
				FF73A69713D6E08100D54EC6 /* CoreData.framework */,
				FF73A69513D6E07D00D54EC6 /* MobileCoreServices.framework */,
				FFC813C213EB8F7E007B0683 /* AssetsLibrary.framework */,
				FF666C2F140CD31C00C35CED /* Security.framework */,
				FF73A60013D6DDF800D54EC6 /* libxml2.2.7.3.dylib */,
				FF73A5C313D6DCAA00D54EC6 /* MGSplitViewController */,
				FF97386213D82B55003D1722 /* JSONKit */,
				FFBA66E2140E12AD00BE5A1D /* IRDiscreteLayoutManager.xcodeproj */,
				FF73A59513D6DC6500D54EC6 /* IRFoundations.xcodeproj */,
				FF666C23140CD2B200C35CED /* IRKeychain.xcodeproj */,
				FF73A59E13D6DC6A00D54EC6 /* IRWebAPIKit.xcodeproj */,
				FF73A5B413D6DC8000D54EC6 /* AQGridView.xcodeproj */,
			);
			name = Frameworks;
			sourceTree = "<group>";
		};
		FF73A54813D6C2CC00D54EC6 /* iPad */ = {
			isa = PBXGroup;
			children = (
				FF73A56A13D6CD2200D54EC6 /* WAPaginatedArticlesViewController.h */,
				FF73A56B13D6CD2200D54EC6 /* WAPaginatedArticlesViewController.m */,
				FFBA66DF140E0E4300BE5A1D /* WADiscretePaginatedArticlesViewController.h */,
				FFBA66E0140E0E4300BE5A1D /* WADiscretePaginatedArticlesViewController.m */,
				FF5B83B2140F935500A9D037 /* WADiscretePaginatedArticlesViewController.xib */,
				FF4FA00813E114F3002C627F /* WAArticleViewController.h */,
				FF4FA00913E114F3002C627F /* WAArticleViewController.m */,
				FF4FA01113E13249002C627F /* WAArticleViewController-Default.xib */,
				FFBD444713FDA6E000F535D2 /* WAArticleViewController-Plaintext.xib */,
				FF9A17B713FA5371009E4CC4 /* WAArticleTextEmphasisLabel.h */,
				FF9A17B813FA5371009E4CC4 /* WAArticleTextEmphasisLabel.m */,
				FFF9B79C13E7D0D5002A9D7F /* WAArticleCommentsViewController.h */,
				FFF9B79D13E7D0D5002A9D7F /* WAArticleCommentsViewController.m */,
				FFF9B7AD13E7DFFE002A9D7F /* WAArticleCommentsViewController.xib */,
				FF55C23613F5256B00F38861 /* WAArticleCommentsViewCell.h */,
				FF55C23713F5256B00F38861 /* WAArticleCommentsViewCell.m */,
				FF55C23913F5270500F38861 /* WAArticleCommentsViewCell-Default.xib */,
				FF73A56D13D6CD4100D54EC6 /* WACompositionViewController.h */,
				FF73A56E13D6CD4100D54EC6 /* WACompositionViewController.m */,
				FFFFD9DA13EAABDB000E3D2D /* WACompositionViewController.xib */,
				FF8CDE8313F3DAB700E08F28 /* WACompositionViewPhotoCell.h */,
				FF8CDE8413F3DAB700E08F28 /* WACompositionViewPhotoCell.m */,
			);
			name = iPad;
			path = "wammer-iOS";
			sourceTree = "<group>";
		};
		FF73A54913D6C2CD00D54EC6 /* Supporting Files */ = {
			isa = PBXGroup;
			children = (
				FF73A54A13D6C2CD00D54EC6 /* wammer-iOS-Info.plist */,
				FF73A54B13D6C2CD00D54EC6 /* InfoPlist.strings */,
				FF73A54E13D6C2CD00D54EC6 /* main.m */,
				FF73A55013D6C2CD00D54EC6 /* wammer-iOS-Prefix.pch */,
			);
			name = "Supporting Files";
			path = "wammer-iOS";
			sourceTree = "<group>";
		};
		FF73A59613D6DC6500D54EC6 /* Products */ = {
			isa = PBXGroup;
			children = (
				FF73A59D13D6DC6500D54EC6 /* libIRFoundationsTouch.a */,
			);
			name = Products;
			sourceTree = "<group>";
		};
		FF73A59F13D6DC6A00D54EC6 /* Products */ = {
			isa = PBXGroup;
			children = (
				FF73A5A713D6DC6A00D54EC6 /* libIRWebAPIKit.a */,
				FF73A5A913D6DC6A00D54EC6 /* IRWebAPIKitTest.octest */,
			);
			name = Products;
			sourceTree = "<group>";
		};
		FF73A5C313D6DCAA00D54EC6 /* MGSplitViewController */ = {
			isa = PBXGroup;
			children = (
				FF73A5BA13D6DCA400D54EC6 /* MGSplitCornersView.h */,
				FF73A5BB13D6DCA400D54EC6 /* MGSplitCornersView.m */,
				FF73A5BC13D6DCA400D54EC6 /* MGSplitDividerView.h */,
				FF73A5BD13D6DCA400D54EC6 /* MGSplitDividerView.m */,
				FF73A5BE13D6DCA400D54EC6 /* MGSplitViewController.h */,
				FF73A5BF13D6DCA400D54EC6 /* MGSplitViewController.m */,
			);
			name = MGSplitViewController;
			sourceTree = "<group>";
		};
		FF73A5DA13D6DD5000D54EC6 /* Products */ = {
			isa = PBXGroup;
			children = (
				FF73A5DE13D6DD5000D54EC6 /* libAQGridView.a */,
			);
			name = Products;
			sourceTree = "<group>";
		};
		FF97382213D821C1003D1722 /* Model */ = {
			isa = PBXGroup;
			children = (
				FF03F5CD13D81B76007E168F /* WAModel.xcdatamodeld */,
				FF9DA0C813DFF89000D6B28B /* WAFile.h */,
				FF9DA0C913DFF89000D6B28B /* WAFile.m */,
				FF9DA0C513DFF89000D6B28B /* WAComment.h */,
				FF9DA0C613DFF89000D6B28B /* WAComment.m */,
				FF9DA0C213DFF89000D6B28B /* WAArticle.h */,
				FF9DA0C313DFF89000D6B28B /* WAArticle.m */,
				FF9DA0BF13DFF88F00D6B28B /* WAUser.h */,
				FF9DA0C013DFF88F00D6B28B /* WAUser.m */,
				FF97382313D821DF003D1722 /* WADataStore.h */,
				FF97382413D821DF003D1722 /* WADataStore.m */,
				4B86976813EA77FD0024125B /* WAUserSelectionViewController.h */,
				4B86976913EA77FD0024125B /* WAUserSelectionViewController.m */,
			);
			name = Model;
			path = "wammer-iOS";
			sourceTree = "<group>";
		};
		FF97384613D82771003D1722 /* API */ = {
			isa = PBXGroup;
			children = (
				FF97384713D8278E003D1722 /* WARemoteInterface.h */,
				FF97384813D8278E003D1722 /* WARemoteInterface.m */,
			);
			name = API;
			path = "wammer-iOS";
			sourceTree = "<group>";
		};
		FF97386213D82B55003D1722 /* JSONKit */ = {
			isa = PBXGroup;
			children = (
				FF97385F13D82B4F003D1722 /* JSONKit.h */,
				FF97386013D82B4F003D1722 /* JSONKit.m */,
			);
			name = JSONKit;
			sourceTree = "<group>";
		};
		FFA9512714077BE800BD3302 /* Attached Media */ = {
			isa = PBXGroup;
			children = (
				FFAA7B72140773F9006F88DC /* WAAttachedMediaListViewController.h */,
				FFAA7B73140773F9006F88DC /* WAAttachedMediaListViewController.m */,
			);
			name = "Attached Media";
			sourceTree = "<group>";
		};
		FFBA66E3140E12AD00BE5A1D /* Products */ = {
			isa = PBXGroup;
			children = (
				FFBA66EB140E12AD00BE5A1D /* libIRDiscreteLayoutManager.a */,
				FFBA66ED140E12AD00BE5A1D /* IRDiscreteLayoutTests.octest */,
			);
			name = Products;
			sourceTree = "<group>";
		};
		FFC2E04C13DD706600816EA1 /* Resources */ = {
			isa = PBXGroup;
			children = (
				FF42567C1414DFA0005A12ED /* WAOverlayBezel-Checkmark.png */,
				FF42567D1414DFA0005A12ED /* WAOverlayBezel-Error.png */,
				FF878BBC13FA6F8700B76807 /* WASpeechBubble.png */,
				FF027CC113F13E03009D979A /* WAPatternGreenFibers.png */,
				FF24072B13F27F4A000B2CAA /* WAPatternCarbonFibre.png */,
				FFC813B713EB8BA1007B0683 /* PLCameraButtonIcon.png */,
				FF615EAC13EBBF98004A2CA6 /* PLEmptyCameraRoll-Large~ipad.png */,
				FF615EAE13EBC05C004A2CA6 /* PLEmptyPhotoAlbum-Large~ipad.png */,
				FFA67D5213EBD35C00159B6E /* WAPhotoQueueBackground.png */,
				FF027CC313F1433B009D979A /* WAPatternPaper.png */,
				FF8CDE8613F3DFBB00E08F28 /* WAButtonSpringBoardRemove.png */,
				FF21C8D213E14CF9009B980D /* IPSample */,
				FF4FA01313E136A0002C627F /* WACapsuleLeft.png */,
				FF4FA01413E136A0002C627F /* WACapsuleRight.png */,
				FF4FA01513E136A0002C627F /* WACapsuleSingle.png */,
				FF027C9B13F1304D009D979A /* WADefaultUserIcon.png */,
				FFF9B79F13E7D8E5002A9D7F /* WACapsuleLeftPressed.png */,
				FFF9B7A013E7D8E5002A9D7F /* WACapsuleRightPressed.png */,
				FFF9B7A113E7D8E5002A9D7F /* WACapsuleSinglePressed.png */,
				FFF9B7A213E7D8E5002A9D7F /* WAReply.png */,
				FFF9B7A313E7D8E5002A9D7F /* WATinyArrowDown.png */,
				FFF9B7A413E7D8E5002A9D7F /* WATinyArrowUp.png */,
				FF13871213E95C3900154B7D /* WACompositionTextWellBackground.png */,
				FF13871013E94F0700154B7D /* WACompositionBarBackground.png */,
				FF13871413E95E0800154B7D /* WACompositionSendButtonBackground.png */,
				FAE26ECA13E1435D00CB1E3A /* Icon.png */,
				FFC2E04D13DD708300816EA1 /* Icon-72.png */,
				FF9DA0BD13DFF6BC00D6B28B /* WAMockArticlesList.json */,
				FFF1F60013EFDF9600D3997C /* WAMockUsersList.json */,
			);
			name = Resources;
			path = "wammer-iOS";
			sourceTree = "<group>";
		};
/* End PBXGroup section */

/* Begin PBXNativeTarget section */
		FF73A53D13D6C2CC00D54EC6 /* wammer2 */ = {
			isa = PBXNativeTarget;
			buildConfigurationList = FF73A55613D6C2CD00D54EC6 /* Build configuration list for PBXNativeTarget "wammer2" */;
			buildPhases = (
				FF73A53A13D6C2CC00D54EC6 /* Sources */,
				FF73A53B13D6C2CC00D54EC6 /* Frameworks */,
				FF73A53C13D6C2CC00D54EC6 /* Resources */,
			);
			buildRules = (
			);
			dependencies = (
				FFBA66EF140E12B600BE5A1D /* PBXTargetDependency */,
				FF666C2E140CD30D00C35CED /* PBXTargetDependency */,
				FF73A5F813D6DDE800D54EC6 /* PBXTargetDependency */,
				FF73A5FA13D6DDE800D54EC6 /* PBXTargetDependency */,
				FF73A5FC13D6DDE800D54EC6 /* PBXTargetDependency */,
			);
			name = wammer2;
			productName = "wammer-iOS";
			productReference = FF73A53E13D6C2CC00D54EC6 /* wammer2.app */;
			productType = "com.apple.product-type.application";
		};
/* End PBXNativeTarget section */

/* Begin PBXProject section */
		FF73A53513D6C2CC00D54EC6 /* Project object */ = {
			isa = PBXProject;
			attributes = {
				LastUpgradeCheck = 0420;
				ORGANIZATIONNAME = "Iridia Productions";
			};
			buildConfigurationList = FF73A53813D6C2CC00D54EC6 /* Build configuration list for PBXProject "wammer-iOS" */;
			compatibilityVersion = "Xcode 3.2";
			developmentRegion = English;
			hasScannedForEncodings = 0;
			knownRegions = (
				en,
			);
			mainGroup = FF73A53313D6C2CC00D54EC6;
			productRefGroup = FF73A53F13D6C2CC00D54EC6 /* Products */;
			projectDirPath = "";
			projectReferences = (
				{
					ProductGroup = FF73A5DA13D6DD5000D54EC6 /* Products */;
					ProjectRef = FF73A5B413D6DC8000D54EC6 /* AQGridView.xcodeproj */;
				},
				{
					ProductGroup = FFBA66E3140E12AD00BE5A1D /* Products */;
					ProjectRef = FFBA66E2140E12AD00BE5A1D /* IRDiscreteLayoutManager.xcodeproj */;
				},
				{
					ProductGroup = FF73A59613D6DC6500D54EC6 /* Products */;
					ProjectRef = FF73A59513D6DC6500D54EC6 /* IRFoundations.xcodeproj */;
				},
				{
					ProductGroup = FF666C24140CD2B200C35CED /* Products */;
					ProjectRef = FF666C23140CD2B200C35CED /* IRKeychain.xcodeproj */;
				},
				{
					ProductGroup = FF73A59F13D6DC6A00D54EC6 /* Products */;
					ProjectRef = FF73A59E13D6DC6A00D54EC6 /* IRWebAPIKit.xcodeproj */;
				},
			);
			projectRoot = "";
			targets = (
				FF73A53D13D6C2CC00D54EC6 /* wammer2 */,
			);
		};
/* End PBXProject section */

/* Begin PBXReferenceProxy section */
		FF666C2B140CD2B200C35CED /* libIRKeychain.a */ = {
			isa = PBXReferenceProxy;
			fileType = archive.ar;
			path = libIRKeychain.a;
			remoteRef = FF666C2A140CD2B200C35CED /* PBXContainerItemProxy */;
			sourceTree = BUILT_PRODUCTS_DIR;
		};
		FF73A59D13D6DC6500D54EC6 /* libIRFoundationsTouch.a */ = {
			isa = PBXReferenceProxy;
			fileType = archive.ar;
			path = libIRFoundationsTouch.a;
			remoteRef = FF73A59C13D6DC6500D54EC6 /* PBXContainerItemProxy */;
			sourceTree = BUILT_PRODUCTS_DIR;
		};
		FF73A5A713D6DC6A00D54EC6 /* libIRWebAPIKit.a */ = {
			isa = PBXReferenceProxy;
			fileType = archive.ar;
			path = libIRWebAPIKit.a;
			remoteRef = FF73A5A613D6DC6A00D54EC6 /* PBXContainerItemProxy */;
			sourceTree = BUILT_PRODUCTS_DIR;
		};
		FF73A5A913D6DC6A00D54EC6 /* IRWebAPIKitTest.octest */ = {
			isa = PBXReferenceProxy;
			fileType = wrapper.cfbundle;
			path = IRWebAPIKitTest.octest;
			remoteRef = FF73A5A813D6DC6A00D54EC6 /* PBXContainerItemProxy */;
			sourceTree = BUILT_PRODUCTS_DIR;
		};
		FF73A5DE13D6DD5000D54EC6 /* libAQGridView.a */ = {
			isa = PBXReferenceProxy;
			fileType = archive.ar;
			path = libAQGridView.a;
			remoteRef = FF73A5DD13D6DD5000D54EC6 /* PBXContainerItemProxy */;
			sourceTree = BUILT_PRODUCTS_DIR;
		};
		FFBA66EB140E12AD00BE5A1D /* libIRDiscreteLayoutManager.a */ = {
			isa = PBXReferenceProxy;
			fileType = archive.ar;
			path = libIRDiscreteLayoutManager.a;
			remoteRef = FFBA66EA140E12AD00BE5A1D /* PBXContainerItemProxy */;
			sourceTree = BUILT_PRODUCTS_DIR;
		};
		FFBA66ED140E12AD00BE5A1D /* IRDiscreteLayoutTests.octest */ = {
			isa = PBXReferenceProxy;
			fileType = wrapper.cfbundle;
			path = IRDiscreteLayoutTests.octest;
			remoteRef = FFBA66EC140E12AD00BE5A1D /* PBXContainerItemProxy */;
			sourceTree = BUILT_PRODUCTS_DIR;
		};
/* End PBXReferenceProxy section */

/* Begin PBXResourcesBuildPhase section */
		FF73A53C13D6C2CC00D54EC6 /* Resources */ = {
			isa = PBXResourcesBuildPhase;
			buildActionMask = 2147483647;
			files = (
				FF73A54D13D6C2CD00D54EC6 /* InfoPlist.strings in Resources */,
				FFC2E04E13DD708300816EA1 /* Icon-72.png in Resources */,
				FF9DA0BE13DFF6BC00D6B28B /* WAMockArticlesList.json in Resources */,
				FF4FA01213E13249002C627F /* WAArticleViewController-Default.xib in Resources */,
				FF4FA01613E136A0002C627F /* WACapsuleLeft.png in Resources */,
				FF4FA01713E136A0002C627F /* WACapsuleRight.png in Resources */,
				FF4FA01813E136A1002C627F /* WACapsuleSingle.png in Resources */,
				FF21C8D313E14CF9009B980D /* IPSample in Resources */,
				FAE26ECB13E1435D00CB1E3A /* Icon.png in Resources */,
				FFF9B7A513E7D8E5002A9D7F /* WACapsuleLeftPressed.png in Resources */,
				FFF9B7A613E7D8E5002A9D7F /* WACapsuleRightPressed.png in Resources */,
				FFF9B7A713E7D8E5002A9D7F /* WACapsuleSinglePressed.png in Resources */,
				FFF9B7A813E7D8E5002A9D7F /* WAReply.png in Resources */,
				FFF9B7A913E7D8E5002A9D7F /* WATinyArrowDown.png in Resources */,
				FFF9B7AA13E7D8E5002A9D7F /* WATinyArrowUp.png in Resources */,
				FFF9B7AE13E7DFFE002A9D7F /* WAArticleCommentsViewController.xib in Resources */,
				FF13871113E94F0700154B7D /* WACompositionBarBackground.png in Resources */,
				FF13871313E95C3900154B7D /* WACompositionTextWellBackground.png in Resources */,
				FF13871513E95E0800154B7D /* WACompositionSendButtonBackground.png in Resources */,
				FFFFD9DB13EAABDB000E3D2D /* WACompositionViewController.xib in Resources */,
				FFC813B813EB8BA1007B0683 /* PLCameraButtonIcon.png in Resources */,
				FF615EAD13EBBF98004A2CA6 /* PLEmptyCameraRoll-Large~ipad.png in Resources */,
				FF615EAF13EBC05C004A2CA6 /* PLEmptyPhotoAlbum-Large~ipad.png in Resources */,
				FFA67D5313EBD35C00159B6E /* WAPhotoQueueBackground.png in Resources */,
				FFF1F60113EFDF9600D3997C /* WAMockUsersList.json in Resources */,
				FF027C9C13F1304D009D979A /* WADefaultUserIcon.png in Resources */,
				FF027CC213F13E03009D979A /* WAPatternGreenFibers.png in Resources */,
				FF027CC413F1433B009D979A /* WAPatternPaper.png in Resources */,
				FF24072C13F27F4A000B2CAA /* WAPatternCarbonFibre.png in Resources */,
				FF8CDE8713F3DFBB00E08F28 /* WAButtonSpringBoardRemove.png in Resources */,
				4B587BB913F4D7AE0084E671 /* WAComposeViewControllerPhone.xib in Resources */,
				FF55C23A13F5270600F38861 /* WAArticleCommentsViewCell-Default.xib in Resources */,
				FF878BBD13FA6F8700B76807 /* WASpeechBubble.png in Resources */,
				4BCA9EA213FCE9DC00978CE9 /* WAPostViewCellPhone-Default.xib in Resources */,
				FFBD444813FDA6E000F535D2 /* WAArticleViewController-Plaintext.xib in Resources */,
				4B225D1A1404F63900F9A1CE /* WAPostViewCellPhone-ImageStack.xib in Resources */,
				FF5B83B3140F935500A9D037 /* WADiscretePaginatedArticlesViewController.xib in Resources */,
				FF42567E1414DFA0005A12ED /* WAOverlayBezel-Checkmark.png in Resources */,
				FF42567F1414DFA0005A12ED /* WAOverlayBezel-Error.png in Resources */,
			);
			runOnlyForDeploymentPostprocessing = 0;
		};
/* End PBXResourcesBuildPhase section */

/* Begin PBXSourcesBuildPhase section */
		FF73A53A13D6C2CC00D54EC6 /* Sources */ = {
			isa = PBXSourcesBuildPhase;
			buildActionMask = 2147483647;
			files = (
				FF73A54F13D6C2CD00D54EC6 /* main.m in Sources */,
				FF73A55313D6C2CD00D54EC6 /* WAAppDelegate.m in Sources */,
				FF73A56C13D6CD2200D54EC6 /* WAPaginatedArticlesViewController.m in Sources */,
				FF73A56F13D6CD4100D54EC6 /* WACompositionViewController.m in Sources */,
				FF73A5C013D6DCA400D54EC6 /* MGSplitCornersView.m in Sources */,
				FF73A5C113D6DCA400D54EC6 /* MGSplitDividerView.m in Sources */,
				FF73A5C213D6DCA400D54EC6 /* MGSplitViewController.m in Sources */,
				FF03F5CF13D81B76007E168F /* WAModel.xcdatamodeld in Sources */,
				FF97382513D821DF003D1722 /* WADataStore.m in Sources */,
				FF97384913D8278E003D1722 /* WARemoteInterface.m in Sources */,
				FF97386113D82B4F003D1722 /* JSONKit.m in Sources */,
				FF269E5A13D84A420085E20A /* WAPaginationSlider.m in Sources */,
				FF9DA0C113DFF88F00D6B28B /* WAUser.m in Sources */,
				FF9DA0C413DFF89000D6B28B /* WAArticle.m in Sources */,
				FF9DA0C713DFF89000D6B28B /* WAComment.m in Sources */,
				FF9DA0CA13DFF89000D6B28B /* WAFile.m in Sources */,
				FF4FA00A13E114F3002C627F /* WAArticleViewController.m in Sources */,
				FF4FA01B13E13D44002C627F /* WAImageStackView.m in Sources */,
				4B1527A213E29E72006E9737 /* WAPostsViewControllerPhone.m in Sources */,
				FF3ACA9013E6ACFB000F608C /* WAView.m in Sources */,
				FFF9B79E13E7D0D5002A9D7F /* WAArticleCommentsViewController.m in Sources */,
				FF13870F13E94B6E00154B7D /* UIView+WAAdditions.m in Sources */,
				4B86976A13EA77FD0024125B /* WAUserSelectionViewController.m in Sources */,
				FF24072F13F2881E000B2CAA /* WAViewController.m in Sources */,
				FF8CDE8513F3DAB700E08F28 /* WACompositionViewPhotoCell.m in Sources */,
				4B587BB813F4D7AE0084E671 /* WAComposeViewControllerPhone.m in Sources */,
				4B587BBA13F4D7AE0084E671 /* WAPostViewControllerPhone.m in Sources */,
				FF55C23813F5256B00F38861 /* WAArticleCommentsViewCell.m in Sources */,
				FF9A17B913FA5371009E4CC4 /* WAArticleTextEmphasisLabel.m in Sources */,
				FF878C0813FA730100B76807 /* WAGalleryImageView.m in Sources */,
				FF878C0913FA731200B76807 /* WAGalleryViewController.m in Sources */,
				4BCA9EA313FCE9DC00978CE9 /* WAPostViewCellPhone.m in Sources */,
				FF7D466814024FD800C916F5 /* WAImageStreamPickerView.m in Sources */,
				FFAA7B75140773F9006F88DC /* WAAttachedMediaListViewController.m in Sources */,
				FF92796414079593007BEB65 /* WATableViewCell.m in Sources */,
				FF164977140CC19900CAE824 /* WAAuthenticationRequestViewController.m in Sources */,
				FF71D3F9140E0A0C0069B161 /* WAArticlesViewController.m in Sources */,
				FFBA66E1140E0E4300BE5A1D /* WADiscretePaginatedArticlesViewController.m in Sources */,
				FFF4EAC91410EFE2007F444B /* WAOverlayBezel.m in Sources */,
			);
			runOnlyForDeploymentPostprocessing = 0;
		};
/* End PBXSourcesBuildPhase section */

/* Begin PBXTargetDependency section */
		FF666C2E140CD30D00C35CED /* PBXTargetDependency */ = {
			isa = PBXTargetDependency;
			name = IRKeychain;
			targetProxy = FF666C2D140CD30D00C35CED /* PBXContainerItemProxy */;
		};
		FF73A5F813D6DDE800D54EC6 /* PBXTargetDependency */ = {
			isa = PBXTargetDependency;
			name = IRFoundationsTouch;
			targetProxy = FF73A5F713D6DDE800D54EC6 /* PBXContainerItemProxy */;
		};
		FF73A5FA13D6DDE800D54EC6 /* PBXTargetDependency */ = {
			isa = PBXTargetDependency;
			name = IRWebAPIKit;
			targetProxy = FF73A5F913D6DDE800D54EC6 /* PBXContainerItemProxy */;
		};
		FF73A5FC13D6DDE800D54EC6 /* PBXTargetDependency */ = {
			isa = PBXTargetDependency;
			name = AQGridView;
			targetProxy = FF73A5FB13D6DDE800D54EC6 /* PBXContainerItemProxy */;
		};
		FFBA66EF140E12B600BE5A1D /* PBXTargetDependency */ = {
			isa = PBXTargetDependency;
			name = IRDiscreteLayoutManager;
			targetProxy = FFBA66EE140E12B600BE5A1D /* PBXContainerItemProxy */;
		};
/* End PBXTargetDependency section */

/* Begin PBXVariantGroup section */
		FF73A54B13D6C2CD00D54EC6 /* InfoPlist.strings */ = {
			isa = PBXVariantGroup;
			children = (
				FF73A54C13D6C2CD00D54EC6 /* en */,
			);
			name = InfoPlist.strings;
			sourceTree = "<group>";
		};
/* End PBXVariantGroup section */

/* Begin XCBuildConfiguration section */
		FF73A55413D6C2CD00D54EC6 /* Debug */ = {
			isa = XCBuildConfiguration;
			buildSettings = {
				ALWAYS_SEARCH_USER_PATHS = YES;
				ARCHS = "$(ARCHS_STANDARD_32_BIT)";
				CLANG_ENABLE_OBJC_ARC = NO;
				CODE_SIGN_IDENTITY = "iPhone Developer";
				"CODE_SIGN_IDENTITY[sdk=iphoneos*]" = "iPhone Developer";
				COPY_PHASE_STRIP = NO;
				CURRENT_PROJECT_VERSION = 12;
				GCC_C_LANGUAGE_STANDARD = gnu99;
				GCC_DYNAMIC_NO_PIC = NO;
				GCC_OPTIMIZATION_LEVEL = 0;
				GCC_PREPROCESSOR_DEFINITIONS = (
					"DEBUG=1",
					"$(inherited)",
				);
				GCC_SYMBOLS_PRIVATE_EXTERN = NO;
				GCC_VERSION = com.apple.compilers.llvm.clang.1_0;
				GCC_WARN_ABOUT_MISSING_PROTOTYPES = YES;
				GCC_WARN_ABOUT_RETURN_TYPE = YES;
				GCC_WARN_UNUSED_VARIABLE = YES;
				HEADER_SEARCH_PATHS = (
					"\"$(PROJECT_DIR)/external/IRFoundations\"/**",
					"$(SDKROOT)/usr/include/libxml2/**",
					"$(PROJECT_DIR)/external/IRWebAPIKit/**",
					"$(PROJECT_DIR)/external/AQGridView/**",
					"$(PROJECT_DIR)/external/IRKeychain/**",
					"$(PROJECT_DIR)/external/IRDiscreteLayoutManager/**",
				);
				IPHONEOS_DEPLOYMENT_TARGET = 4.3;
				OTHER_LDFLAGS = (
					"-ObjC",
					"-all_load",
				);
				PROVISIONING_PROFILE = "";
				"PROVISIONING_PROFILE[sdk=iphoneos*]" = "";
				SDKROOT = iphoneos4.3;
				TARGETED_DEVICE_FAMILY = "1,2";
				VERSIONING_SYSTEM = "apple-generic";
			};
			name = Debug;
		};
		FF73A55513D6C2CD00D54EC6 /* Release */ = {
			isa = XCBuildConfiguration;
			buildSettings = {
				ALWAYS_SEARCH_USER_PATHS = YES;
				ARCHS = "$(ARCHS_STANDARD_32_BIT)";
				CLANG_ENABLE_OBJC_ARC = NO;
				CODE_SIGN_IDENTITY = "iPhone Developer";
				"CODE_SIGN_IDENTITY[sdk=iphoneos*]" = "iPhone Developer";
				COPY_PHASE_STRIP = YES;
				CURRENT_PROJECT_VERSION = 12;
				GCC_C_LANGUAGE_STANDARD = gnu99;
				GCC_VERSION = com.apple.compilers.llvm.clang.1_0;
				GCC_WARN_ABOUT_MISSING_PROTOTYPES = YES;
				GCC_WARN_ABOUT_RETURN_TYPE = YES;
				GCC_WARN_UNUSED_VARIABLE = YES;
				HEADER_SEARCH_PATHS = (
					"\"$(PROJECT_DIR)/external/IRFoundations\"/**",
					"$(SDKROOT)/usr/include/libxml2/**",
					"$(PROJECT_DIR)/external/IRWebAPIKit/**",
					"$(PROJECT_DIR)/external/AQGridView/**",
					"$(PROJECT_DIR)/external/IRKeychain/**",
					"$(PROJECT_DIR)/external/IRDiscreteLayoutManager/**",
				);
				IPHONEOS_DEPLOYMENT_TARGET = 4.3;
				OTHER_CFLAGS = "-DNS_BLOCK_ASSERTIONS=1";
				OTHER_LDFLAGS = (
					"-ObjC",
					"-all_load",
				);
				PROVISIONING_PROFILE = "";
				"PROVISIONING_PROFILE[sdk=iphoneos*]" = "";
				SDKROOT = iphoneos4.3;
				TARGETED_DEVICE_FAMILY = "1,2";
				VALIDATE_PRODUCT = YES;
				VERSIONING_SYSTEM = "apple-generic";
			};
			name = Release;
		};
		FF73A55713D6C2CD00D54EC6 /* Debug */ = {
			isa = XCBuildConfiguration;
			buildSettings = {
				ARCHS = "$(ARCHS_UNIVERSAL_IPHONE_OS)";
				GCC_OPTIMIZATION_LEVEL = 0;
				GCC_PRECOMPILE_PREFIX_HEADER = YES;
				GCC_PREFIX_HEADER = "wammer-iOS/wammer-iOS-Prefix.pch";
				INFOPLIST_FILE = "wammer-iOS/wammer-iOS-Info.plist";
				PRODUCT_NAME = "$(TARGET_NAME)";
				TARGETED_DEVICE_FAMILY = "1,2";
				VALID_ARCHS = "i386 armv7";
				WRAPPER_EXTENSION = app;
			};
			name = Debug;
		};
		FF73A55813D6C2CD00D54EC6 /* Release */ = {
			isa = XCBuildConfiguration;
			buildSettings = {
				ARCHS = "$(ARCHS_UNIVERSAL_IPHONE_OS)";
				GCC_OPTIMIZATION_LEVEL = 0;
				GCC_PRECOMPILE_PREFIX_HEADER = YES;
				GCC_PREFIX_HEADER = "wammer-iOS/wammer-iOS-Prefix.pch";
				INFOPLIST_FILE = "wammer-iOS/wammer-iOS-Info.plist";
				PRODUCT_NAME = "$(TARGET_NAME)";
				TARGETED_DEVICE_FAMILY = "1,2";
				VALID_ARCHS = "i386 armv7";
				WRAPPER_EXTENSION = app;
			};
			name = Release;
		};
/* End XCBuildConfiguration section */

/* Begin XCConfigurationList section */
		FF73A53813D6C2CC00D54EC6 /* Build configuration list for PBXProject "wammer-iOS" */ = {
			isa = XCConfigurationList;
			buildConfigurations = (
				FF73A55413D6C2CD00D54EC6 /* Debug */,
				FF73A55513D6C2CD00D54EC6 /* Release */,
			);
			defaultConfigurationIsVisible = 0;
			defaultConfigurationName = Release;
		};
		FF73A55613D6C2CD00D54EC6 /* Build configuration list for PBXNativeTarget "wammer2" */ = {
			isa = XCConfigurationList;
			buildConfigurations = (
				FF73A55713D6C2CD00D54EC6 /* Debug */,
				FF73A55813D6C2CD00D54EC6 /* Release */,
			);
			defaultConfigurationIsVisible = 0;
			defaultConfigurationName = Release;
		};
/* End XCConfigurationList section */

/* Begin XCVersionGroup section */
		FF03F5CD13D81B76007E168F /* WAModel.xcdatamodeld */ = {
			isa = XCVersionGroup;
			children = (
				FF03F5CE13D81B76007E168F /* WAModel.xcdatamodel */,
			);
			currentVersion = FF03F5CE13D81B76007E168F /* WAModel.xcdatamodel */;
			path = WAModel.xcdatamodeld;
			sourceTree = "<group>";
			versionGroupType = wrapper.xcdatamodel;
		};
/* End XCVersionGroup section */
	};
	rootObject = FF73A53513D6C2CC00D54EC6 /* Project object */;
}
